// !$*UTF8*$!
{
	archiveVersion = 1;
	classes = {
	};
	objectVersion = 42;
	objects = {

/* Begin PBXBuildFile section */
		2DF7BC5408DA4CCA00EE5510 /* CoreAudio.framework in Frameworks */ = {isa = PBXBuildFile; fileRef = 2DF7BC5308DA4CCA00EE5510 /* CoreAudio.framework */; };
		65474231134F01D70030DDFF /* PAPlugInInterface.m in Sources */ = {isa = PBXBuildFile; fileRef = 65474230134F01D70030DDFF /* PAPlugInInterface.m */; };
		65474249134F108C0030DDFF /* PAPlugInInterface.h in Headers */ = {isa = PBXBuildFile; fileRef = 65474248134F108C0030DDFF /* PAPlugInInterface.h */; };
		65714F2113674E9B00D60887 /* PulseAudio.framework in Frameworks */ = {isa = PBXBuildFile; fileRef = 65714F2013674E9B00D60887 /* PulseAudio.framework */; };
		657151F71368516900D60887 /* PADeviceAudio.h in Headers */ = {isa = PBXBuildFile; fileRef = 657151F51368516900D60887 /* PADeviceAudio.h */; };
		657151F81368516900D60887 /* PADeviceAudio.m in Sources */ = {isa = PBXBuildFile; fileRef = 657151F61368516900D60887 /* PADeviceAudio.m */; };
		65BFE2A413648256002B818E /* Foundation.framework in Frameworks */ = {isa = PBXBuildFile; fileRef = 65BFE2A313648256002B818E /* Foundation.framework */; };
		65BFE2A91364829C002B818E /* PAPlugin.h in Headers */ = {isa = PBXBuildFile; fileRef = 65BFE2A71364829C002B818E /* PAPlugin.h */; };
		65BFE2AA1364829C002B818E /* PAPlugin.m in Sources */ = {isa = PBXBuildFile; fileRef = 65BFE2A81364829C002B818E /* PAPlugin.m */; };
		65BFE2AD136482C3002B818E /* PAObject.h in Headers */ = {isa = PBXBuildFile; fileRef = 65BFE2AB136482C3002B818E /* PAObject.h */; };
		65BFE2AE136482C3002B818E /* PAObject.m in Sources */ = {isa = PBXBuildFile; fileRef = 65BFE2AC136482C3002B818E /* PAObject.m */; };
		65CCF7711365C20300834815 /* PADevice.h in Headers */ = {isa = PBXBuildFile; fileRef = 65CCF76F1365C20300834815 /* PADevice.h */; };
		65CCF7721365C20300834815 /* PADevice.m in Sources */ = {isa = PBXBuildFile; fileRef = 65CCF7701365C20300834815 /* PADevice.m */; };
		65CCF7B91365DF8500834815 /* PAStream.h in Headers */ = {isa = PBXBuildFile; fileRef = 65CCF7B71365DF8500834815 /* PAStream.h */; };
		65CCF7BA1365DF8500834815 /* PAStream.m in Sources */ = {isa = PBXBuildFile; fileRef = 65CCF7B81365DF8500834815 /* PAStream.m */; };
/* End PBXBuildFile section */

/* Begin PBXFileReference section */
		2DF7BC5308DA4CCA00EE5510 /* CoreAudio.framework */ = {isa = PBXFileReference; lastKnownFileType = wrapper.framework; name = CoreAudio.framework; path = /System/Library/Frameworks/CoreAudio.framework; sourceTree = "<absolute>"; };
		2DF7BC7D08DA4E0700EE5510 /* HALPlugin.exp */ = {isa = PBXFileReference; fileEncoding = 30; lastKnownFileType = sourcecode.exports; name = HALPlugin.exp; path = ../Source/HALPlugin.exp; sourceTree = "<group>"; };
		65474230134F01D70030DDFF /* PAPlugInInterface.m */ = {isa = PBXFileReference; fileEncoding = 4; lastKnownFileType = sourcecode.c.objc; path = PAPlugInInterface.m; sourceTree = "<group>"; };
		65474248134F108C0030DDFF /* PAPlugInInterface.h */ = {isa = PBXFileReference; fileEncoding = 4; lastKnownFileType = sourcecode.c.h; path = PAPlugInInterface.h; sourceTree = "<group>"; };
		65714F2013674E9B00D60887 /* PulseAudio.framework */ = {isa = PBXFileReference; lastKnownFileType = wrapper.framework; name = PulseAudio.framework; path = /Library/Frameworks/PulseAudio.framework; sourceTree = "<absolute>"; };
		657151F51368516900D60887 /* PADeviceAudio.h */ = {isa = PBXFileReference; fileEncoding = 4; lastKnownFileType = sourcecode.c.h; path = PADeviceAudio.h; sourceTree = "<group>"; };
		657151F61368516900D60887 /* PADeviceAudio.m */ = {isa = PBXFileReference; fileEncoding = 4; lastKnownFileType = sourcecode.c.objc; path = PADeviceAudio.m; sourceTree = "<group>"; };
		65BFE2A313648256002B818E /* Foundation.framework */ = {isa = PBXFileReference; lastKnownFileType = wrapper.framework; name = Foundation.framework; path = /System/Library/Frameworks/Foundation.framework; sourceTree = "<absolute>"; };
		65BFE2A71364829C002B818E /* PAPlugin.h */ = {isa = PBXFileReference; fileEncoding = 4; lastKnownFileType = sourcecode.c.h; path = PAPlugin.h; sourceTree = "<group>"; };
		65BFE2A81364829C002B818E /* PAPlugin.m */ = {isa = PBXFileReference; fileEncoding = 4; lastKnownFileType = sourcecode.c.objc; path = PAPlugin.m; sourceTree = "<group>"; };
		65BFE2AB136482C3002B818E /* PAObject.h */ = {isa = PBXFileReference; fileEncoding = 4; lastKnownFileType = sourcecode.c.h; path = PAObject.h; sourceTree = "<group>"; };
		65BFE2AC136482C3002B818E /* PAObject.m */ = {isa = PBXFileReference; fileEncoding = 4; lastKnownFileType = sourcecode.c.objc; path = PAObject.m; sourceTree = "<group>"; };
		65CCF76F1365C20300834815 /* PADevice.h */ = {isa = PBXFileReference; fileEncoding = 4; lastKnownFileType = sourcecode.c.h; path = PADevice.h; sourceTree = "<group>"; };
		65CCF7701365C20300834815 /* PADevice.m */ = {isa = PBXFileReference; fileEncoding = 4; lastKnownFileType = sourcecode.c.objc; path = PADevice.m; sourceTree = "<group>"; };
		65CCF7B71365DF8500834815 /* PAStream.h */ = {isa = PBXFileReference; fileEncoding = 4; lastKnownFileType = sourcecode.c.h; path = PAStream.h; sourceTree = "<group>"; };
		65CCF7B81365DF8500834815 /* PAStream.m */ = {isa = PBXFileReference; fileEncoding = 4; lastKnownFileType = sourcecode.c.objc; path = PAStream.m; sourceTree = "<group>"; };
		8D576316048677EA00EA77CD /* PulseAudio.plugin */ = {isa = PBXFileReference; explicitFileType = wrapper.cfbundle; includeInIndex = 0; path = PulseAudio.plugin; sourceTree = BUILT_PRODUCTS_DIR; };
		8D576317048677EA00EA77CD /* Info.plist */ = {isa = PBXFileReference; fileEncoding = 4; lastKnownFileType = text.plist.xml; path = Info.plist; sourceTree = "<group>"; };
/* End PBXFileReference section */

/* Begin PBXFrameworksBuildPhase section */
		8D576313048677EA00EA77CD /* Frameworks */ = {
			isa = PBXFrameworksBuildPhase;
			buildActionMask = 2147483647;
			files = (
				2DF7BC5408DA4CCA00EE5510 /* CoreAudio.framework in Frameworks */,
				65BFE2A413648256002B818E /* Foundation.framework in Frameworks */,
				65714F2113674E9B00D60887 /* PulseAudio.framework in Frameworks */,
			);
			runOnlyForDeploymentPostprocessing = 0;
		};
/* End PBXFrameworksBuildPhase section */

/* Begin PBXGroup section */
		089C166AFE841209C02AAC07 /* PulseAudio */ = {
			isa = PBXGroup;
			children = (
				08FB77AFFE84173DC02AAC07 /* Source */,
				2DF7BC7008DA4D5100EE5510 /* Resources */,
				089C1671FE841209C02AAC07 /* Frameworks */,
				19C28FB6FE9D52B211CA2CBB /* Products */,
			);
			name = PulseAudio;
			sourceTree = "<group>";
		};
		089C1671FE841209C02AAC07 /* Frameworks */ = {
			isa = PBXGroup;
			children = (
				65714F2013674E9B00D60887 /* PulseAudio.framework */,
				65BFE2A313648256002B818E /* Foundation.framework */,
				2DF7BC5308DA4CCA00EE5510 /* CoreAudio.framework */,
			);
			name = Frameworks;
			sourceTree = "<group>";
		};
		08FB77AFFE84173DC02AAC07 /* Source */ = {
			isa = PBXGroup;
			children = (
				65474248134F108C0030DDFF /* PAPlugInInterface.h */,
				65474230134F01D70030DDFF /* PAPlugInInterface.m */,
				65BFE2A71364829C002B818E /* PAPlugin.h */,
				65BFE2A81364829C002B818E /* PAPlugin.m */,
				65BFE2AB136482C3002B818E /* PAObject.h */,
				65BFE2AC136482C3002B818E /* PAObject.m */,
				65CCF76F1365C20300834815 /* PADevice.h */,
				65CCF7701365C20300834815 /* PADevice.m */,
				657151F51368516900D60887 /* PADeviceAudio.h */,
				657151F61368516900D60887 /* PADeviceAudio.m */,
				65CCF7B71365DF8500834815 /* PAStream.h */,
				65CCF7B81365DF8500834815 /* PAStream.m */,
			);
			path = Source;
			sourceTree = SOURCE_ROOT;
		};
		19C28FB6FE9D52B211CA2CBB /* Products */ = {
			isa = PBXGroup;
			children = (
				8D576316048677EA00EA77CD /* PulseAudio.plugin */,
			);
			name = Products;
			sourceTree = "<group>";
		};
		2DF7BC7008DA4D5100EE5510 /* Resources */ = {
			isa = PBXGroup;
			children = (
				2DF7BC7D08DA4E0700EE5510 /* HALPlugin.exp */,
				8D576317048677EA00EA77CD /* Info.plist */,
			);
			path = Resources;
			sourceTree = SOURCE_ROOT;
		};
/* End PBXGroup section */

/* Begin PBXHeadersBuildPhase section */
		2DF7BC8708DA4ED400EE5510 /* Headers */ = {
			isa = PBXHeadersBuildPhase;
			buildActionMask = 2147483647;
			files = (
				65474249134F108C0030DDFF /* PAPlugInInterface.h in Headers */,
				65BFE2A91364829C002B818E /* PAPlugin.h in Headers */,
				65BFE2AD136482C3002B818E /* PAObject.h in Headers */,
				65CCF7711365C20300834815 /* PADevice.h in Headers */,
				65CCF7B91365DF8500834815 /* PAStream.h in Headers */,
				657151F71368516900D60887 /* PADeviceAudio.h in Headers */,
			);
			runOnlyForDeploymentPostprocessing = 0;
		};
/* End PBXHeadersBuildPhase section */

/* Begin PBXNativeTarget section */
		8D57630D048677EA00EA77CD /* PulseAudio */ = {
			isa = PBXNativeTarget;
			buildConfigurationList = 2D926CF708DA3A5A00AB1DB7 /* Build configuration list for PBXNativeTarget "PulseAudio" */;
			buildPhases = (
				2DF7BC8708DA4ED400EE5510 /* Headers */,
				8D576311048677EA00EA77CD /* Sources */,
				8D576313048677EA00EA77CD /* Frameworks */,
			);
			buildRules = (
			);
			dependencies = (
			);
			name = PulseAudio;
			productInstallPath = "$(HOME)/Library/Bundles";
			productName = PulseAudio;
			productReference = 8D576316048677EA00EA77CD /* PulseAudio.plugin */;
			productType = "com.apple.product-type.bundle";
		};
/* End PBXNativeTarget section */

/* Begin PBXProject section */
		089C1669FE841209C02AAC07 /* Project object */ = {
			isa = PBXProject;
			buildConfigurationList = 2D926CFB08DA3A5A00AB1DB7 /* Build configuration list for PBXProject "HALPlugin" */;
			compatibilityVersion = "Xcode 2.4";
			developmentRegion = English;
			hasScannedForEncodings = 1;
			knownRegions = (
				English,
				Japanese,
				French,
				German,
			);
			mainGroup = 089C166AFE841209C02AAC07 /* PulseAudio */;
			projectDirPath = "";
			projectRoot = "";
			targets = (
				8D57630D048677EA00EA77CD /* PulseAudio */,
			);
		};
/* End PBXProject section */

/* Begin PBXSourcesBuildPhase section */
		8D576311048677EA00EA77CD /* Sources */ = {
			isa = PBXSourcesBuildPhase;
			buildActionMask = 2147483647;
			files = (
				65474231134F01D70030DDFF /* PAPlugInInterface.m in Sources */,
				65BFE2AA1364829C002B818E /* PAPlugin.m in Sources */,
				65BFE2AE136482C3002B818E /* PAObject.m in Sources */,
				65CCF7721365C20300834815 /* PADevice.m in Sources */,
				65CCF7BA1365DF8500834815 /* PAStream.m in Sources */,
				657151F81368516900D60887 /* PADeviceAudio.m in Sources */,
			);
			runOnlyForDeploymentPostprocessing = 0;
		};
/* End PBXSourcesBuildPhase section */

/* Begin XCBuildConfiguration section */
		2D926CF808DA3A5A00AB1DB7 /* Release */ = {
			isa = XCBuildConfiguration;
			buildSettings = {
				ARCHS = "$(ARCHS_STANDARD_32_64_BIT_PRE_XCODE_3_1)";
				ARCHS_STANDARD_32_64_BIT_PRE_XCODE_3_1 = "x86_64 i386 ppc";
				COPY_PHASE_STRIP = YES;
				DEAD_CODE_STRIPPING = YES;
				EXPORTED_SYMBOLS_FILE = Source/HALPlugin.exp;
				FRAMEWORK_SEARCH_PATHS = (
					"$(inherited)",
					"$(FRAMEWORK_SEARCH_PATHS_QUOTED_FOR_TARGET_1)",
				);
				FRAMEWORK_SEARCH_PATHS_QUOTED_FOR_TARGET_1 = "\"$(SYSTEM_LIBRARY_DIR)/Frameworks/CoreServices.framework/Versions/A/Frameworks\"";
				GCC_C_LANGUAGE_STANDARD = gnu99;
				GCC_DEBUGGING_SYMBOLS = full;
				GCC_ENABLE_CPP_RTTI = NO;
				GCC_ENABLE_OBJC_GC = YES;
				GCC_ENABLE_SSE3_EXTENSIONS = YES;
				GCC_ENABLE_SSE41_EXTENSIONS = YES;
				GCC_ENABLE_SSE42_EXTENSIONS = YES;
				GCC_ENABLE_SUPPLEMENTAL_SSE3_INSTRUCTIONS = YES;
				GCC_MODEL_TUNING = G5;
				GCC_OPTIMIZATION_LEVEL = s;
				GCC_PFE_FILE_C_DIALECTS = "c++";
				GCC_PRECOMPILE_PREFIX_HEADER = YES;
				GCC_PREFIX_HEADER = Source/HALPlugin_Prefix.h;
				GCC_PREPROCESSOR_DEFINITIONS = "";
				GCC_WARN_ABOUT_MISSING_NEWLINE = YES;
				GCC_WARN_ABOUT_RETURN_TYPE = YES;
				GCC_WARN_CHECK_SWITCH_STATEMENTS = YES;
				GCC_WARN_HIDDEN_VIRTUAL_FUNCTIONS = YES;
				GCC_WARN_INITIALIZER_NOT_FULLY_BRACKETED = YES;
				GCC_WARN_MISSING_PARENTHESES = YES;
				GCC_WARN_SHADOW = YES;
				GCC_WARN_SIGN_COMPARE = YES;
				GCC_WARN_TYPECHECK_CALLS_TO_PRINTF = YES;
				GCC_WARN_UNINITIALIZED_AUTOS = YES;
				GCC_WARN_UNKNOWN_PRAGMAS = YES;
				GCC_WARN_UNUSED_FUNCTION = YES;
				GCC_WARN_UNUSED_LABEL = YES;
				GCC_WARN_UNUSED_PARAMETER = NO;
				GCC_WARN_UNUSED_VALUE = YES;
				GCC_WARN_UNUSED_VARIABLE = YES;
				INFOPLIST_FILE = Resources/Info.plist;
				INSTALL_PATH = "/Library/Audio/Plug-Ins/HAL";
				LIBRARY_STYLE = BUNDLE;
				MACOSX_DEPLOYMENT_TARGET = 10.5;
				OTHER_CFLAGS = "-fconstant-cfstrings";
				OTHER_LDFLAGS = (
					"-framework",
					CoreServices,
				);
				PRODUCT_NAME = PulseAudio;
				SDKROOT = "$(DEVELOPER_SDK_DIR)/MacOSX10.6.sdk";
				VALID_ARCHS = "i386 x86_64";
				WRAPPER_EXTENSION = plugin;
			};
			name = Release;
		};
		2D926CF908DA3A5A00AB1DB7 /* Debug */ = {
			isa = XCBuildConfiguration;
			buildSettings = {
				ARCHS = "$(ARCHS_STANDARD_32_64_BIT_PRE_XCODE_3_1)";
				ARCHS_STANDARD_32_64_BIT_PRE_XCODE_3_1 = "x86_64 i386 ppc";
				COPY_PHASE_STRIP = NO;
				DEAD_CODE_STRIPPING = YES;
				EXPORTED_SYMBOLS_FILE = Source/HALPlugin.exp;
				FRAMEWORK_SEARCH_PATHS = (
					"$(inherited)",
					"$(FRAMEWORK_SEARCH_PATHS_QUOTED_FOR_TARGET_1)",
				);
				FRAMEWORK_SEARCH_PATHS_QUOTED_FOR_TARGET_1 = "\"$(SYSTEM_LIBRARY_DIR)/Frameworks/CoreServices.framework/Versions/A/Frameworks\"";
				GCC_C_LANGUAGE_STANDARD = gnu99;
				GCC_DEBUGGING_SYMBOLS = full;
				GCC_ENABLE_CPP_RTTI = NO;
				GCC_ENABLE_OBJC_GC = YES;
				GCC_MODEL_TUNING = G5;
				GCC_OPTIMIZATION_LEVEL = 0;
				GCC_PFE_FILE_C_DIALECTS = "c++";
				GCC_PRECOMPILE_PREFIX_HEADER = YES;
				GCC_PREFIX_HEADER = Source/HALPlugin_Prefix.h;
				GCC_PREPROCESSOR_DEFINITIONS = "ENABLE_DEBUG=1";
				GCC_WARN_ABOUT_MISSING_NEWLINE = YES;
				GCC_WARN_ABOUT_RETURN_TYPE = YES;
				GCC_WARN_CHECK_SWITCH_STATEMENTS = YES;
				GCC_WARN_HIDDEN_VIRTUAL_FUNCTIONS = YES;
				GCC_WARN_INITIALIZER_NOT_FULLY_BRACKETED = YES;
				GCC_WARN_MISSING_PARENTHESES = YES;
				GCC_WARN_SHADOW = YES;
				GCC_WARN_SIGN_COMPARE = YES;
				GCC_WARN_TYPECHECK_CALLS_TO_PRINTF = YES;
				GCC_WARN_UNINITIALIZED_AUTOS = NO;
				GCC_WARN_UNKNOWN_PRAGMAS = YES;
				GCC_WARN_UNUSED_FUNCTION = YES;
				GCC_WARN_UNUSED_LABEL = YES;
				GCC_WARN_UNUSED_PARAMETER = NO;
				GCC_WARN_UNUSED_VALUE = YES;
				GCC_WARN_UNUSED_VARIABLE = YES;
				INFOPLIST_FILE = Resources/Info.plist;
				INSTALL_PATH = "/Library/Audio/Plug-Ins/HAL";
				LIBRARY_STYLE = BUNDLE;
				MACOSX_DEPLOYMENT_TARGET = 10.5;
				OTHER_CFLAGS = "-fconstant-cfstrings";
				OTHER_LDFLAGS = (
					"-framework",
					CoreServices,
				);
				PRODUCT_NAME = PulseAudio;
				SDKROOT = "$(DEVELOPER_SDK_DIR)/MacOSX10.6.sdk";
				VALID_ARCHS = "i386 x86_64";
				WRAPPER_EXTENSION = plugin;
			};
			name = Debug;
		};
		2D926CFC08DA3A5A00AB1DB7 /* Release */ = {
			isa = XCBuildConfiguration;
			buildSettings = {
				MACOSX_DEPLOYMENT_TARGET = 10.5;
			};
			name = Release;
		};
		2D926CFD08DA3A5A00AB1DB7 /* Debug */ = {
			isa = XCBuildConfiguration;
			buildSettings = {
			};
			name = Debug;
		};
/* End XCBuildConfiguration section */

/* Begin XCConfigurationList section */
		2D926CF708DA3A5A00AB1DB7 /* Build configuration list for PBXNativeTarget "PulseAudio" */ = {
			isa = XCConfigurationList;
			buildConfigurations = (
				2D926CF808DA3A5A00AB1DB7 /* Release */,
				2D926CF908DA3A5A00AB1DB7 /* Debug */,
			);
			defaultConfigurationIsVisible = 0;
			defaultConfigurationName = Release;
		};
		2D926CFB08DA3A5A00AB1DB7 /* Build configuration list for PBXProject "HALPlugin" */ = {
			isa = XCConfigurationList;
			buildConfigurations = (
				2D926CFC08DA3A5A00AB1DB7 /* Release */,
				2D926CFD08DA3A5A00AB1DB7 /* Debug */,
			);
			defaultConfigurationIsVisible = 0;
			defaultConfigurationName = Release;
		};
/* End XCConfigurationList section */
	};
	rootObject = 089C1669FE841209C02AAC07 /* Project object */;
}
