// !$*UTF8*$!
{
	archiveVersion = 1;
	classes = {
	};
	objectVersion = 45;
	objects = {

/* Begin PBXBuildFile section */
		6510B04C135ECADF002A5B90 /* AppKit.framework in Frameworks */ = {isa = PBXBuildFile; fileRef = 65531647135B174500817E2D /* AppKit.framework */; };
		6510B04D135ECADF002A5B90 /* Foundation.framework in Frameworks */ = {isa = PBXBuildFile; fileRef = 08FB779EFE84155DC02AAC07 /* Foundation.framework */; };
		6510B04E135ECADF002A5B90 /* Growl.framework in Frameworks */ = {isa = PBXBuildFile; fileRef = 655315BB135B0D9800817E2D /* Growl.framework */; };
		6510B04F135ECADF002A5B90 /* GrowlNotifications.m in Sources */ = {isa = PBXBuildFile; fileRef = 655315AD135B0BF500817E2D /* GrowlNotifications.m */; };
		6510B050135ECADF002A5B90 /* Preferences.m in Sources */ = {isa = PBXBuildFile; fileRef = 655319DF135C537600817E2D /* Preferences.m */; };
		6510B052135ECADF002A5B90 /* main.m in Sources */ = {isa = PBXBuildFile; fileRef = 08FB7796FE84155DC02AAC07 /* main.m */; };
		6510B053135ECADF002A5B90 /* ServerConnection.m in Sources */ = {isa = PBXBuildFile; fileRef = 655317A8135B9CCF00817E2D /* ServerConnection.m */; };
		6510B054135ECADF002A5B90 /* ServerTask.m in Sources */ = {isa = PBXBuildFile; fileRef = 6553193C135C3B9E00817E2D /* ServerTask.m */; };
		6510B055135ECADF002A5B90 /* StatusBar.m in Sources */ = {isa = PBXBuildFile; fileRef = 655317D5135BA57900817E2D /* StatusBar.m */; };
		6510B192135ECAFF002A5B90 /* Growl.framework in Resources */ = {isa = PBXBuildFile; fileRef = 655315BB135B0D9800817E2D /* Growl.framework */; };
		6510B1E0135ECD27002A5B90 /* logo.icns in Resources */ = {isa = PBXBuildFile; fileRef = 6510B1DF135ECD27002A5B90 /* logo.icns */; };
		65BFDF3513603CF9002B818E /* SocketServer.m in Sources */ = {isa = PBXBuildFile; fileRef = 65BFDF3413603CF9002B818E /* SocketServer.m */; };
		65BFE06413605C0B002B818E /* AudioDeviceClient.m in Sources */ = {isa = PBXBuildFile; fileRef = 65BFE06313605C0B002B818E /* AudioDeviceClient.m */; };
/* End PBXBuildFile section */

/* Begin PBXFileReference section */
		08FB7796FE84155DC02AAC07 /* main.m */ = {isa = PBXFileReference; fileEncoding = 4; lastKnownFileType = sourcecode.c.objc; path = main.m; sourceTree = "<group>"; };
		08FB779EFE84155DC02AAC07 /* Foundation.framework */ = {isa = PBXFileReference; lastKnownFileType = wrapper.framework; name = Foundation.framework; path = /System/Library/Frameworks/Foundation.framework; sourceTree = "<absolute>"; };
		32A70AAB03705E1F00C91783 /* PulseAudioHelper_Prefix.pch */ = {isa = PBXFileReference; fileEncoding = 4; lastKnownFileType = sourcecode.c.h; path = PulseAudioHelper_Prefix.pch; sourceTree = "<group>"; };
		6510AFF9135DA1BB002A5B90 /* Pathes.h */ = {isa = PBXFileReference; fileEncoding = 4; lastKnownFileType = sourcecode.c.h; path = Pathes.h; sourceTree = "<group>"; };
		6510B046135ECABD002A5B90 /* PulseAudioHelper.app */ = {isa = PBXFileReference; explicitFileType = wrapper.application; includeInIndex = 0; path = PulseAudioHelper.app; sourceTree = BUILT_PRODUCTS_DIR; };
		6510B048135ECABD002A5B90 /* PulseAudioHelper-Info.plist */ = {isa = PBXFileReference; lastKnownFileType = text.plist.xml; path = "PulseAudioHelper-Info.plist"; sourceTree = "<group>"; };
		6510B1DF135ECD27002A5B90 /* logo.icns */ = {isa = PBXFileReference; lastKnownFileType = image.icns; path = logo.icns; sourceTree = "<group>"; };
		655315AC135B0BF500817E2D /* GrowlNotifications.h */ = {isa = PBXFileReference; fileEncoding = 4; lastKnownFileType = sourcecode.c.h; path = GrowlNotifications.h; sourceTree = "<group>"; };
		655315AD135B0BF500817E2D /* GrowlNotifications.m */ = {isa = PBXFileReference; fileEncoding = 4; lastKnownFileType = sourcecode.c.objc; path = GrowlNotifications.m; sourceTree = "<group>"; };
		655315BB135B0D9800817E2D /* Growl.framework */ = {isa = PBXFileReference; lastKnownFileType = wrapper.framework; name = Growl.framework; path = /Library/Frameworks/Growl.framework; sourceTree = "<absolute>"; };
		65531647135B174500817E2D /* AppKit.framework */ = {isa = PBXFileReference; lastKnownFileType = wrapper.framework; name = AppKit.framework; path = /System/Library/Frameworks/AppKit.framework; sourceTree = "<absolute>"; };
		655317A7135B9CCF00817E2D /* ServerConnection.h */ = {isa = PBXFileReference; fileEncoding = 4; lastKnownFileType = sourcecode.c.h; path = ServerConnection.h; sourceTree = "<group>"; };
		655317A8135B9CCF00817E2D /* ServerConnection.m */ = {isa = PBXFileReference; fileEncoding = 4; lastKnownFileType = sourcecode.c.objc; path = ServerConnection.m; sourceTree = "<group>"; };
		655317D4135BA57900817E2D /* StatusBar.h */ = {isa = PBXFileReference; fileEncoding = 4; lastKnownFileType = sourcecode.c.h; path = StatusBar.h; sourceTree = "<group>"; };
		655317D5135BA57900817E2D /* StatusBar.m */ = {isa = PBXFileReference; fileEncoding = 4; lastKnownFileType = sourcecode.c.objc; path = StatusBar.m; sourceTree = "<group>"; };
		6553193B135C3B9E00817E2D /* ServerTask.h */ = {isa = PBXFileReference; fileEncoding = 4; lastKnownFileType = sourcecode.c.h; path = ServerTask.h; sourceTree = "<group>"; };
		6553193C135C3B9E00817E2D /* ServerTask.m */ = {isa = PBXFileReference; fileEncoding = 4; lastKnownFileType = sourcecode.c.objc; path = ServerTask.m; sourceTree = "<group>"; };
		655319DE135C537600817E2D /* Preferences.h */ = {isa = PBXFileReference; fileEncoding = 4; lastKnownFileType = sourcecode.c.h; path = Preferences.h; sourceTree = "<group>"; };
		655319DF135C537600817E2D /* Preferences.m */ = {isa = PBXFileReference; fileEncoding = 4; lastKnownFileType = sourcecode.c.objc; path = Preferences.m; sourceTree = "<group>"; };
		65531BA9135D803E00817E2D /* ObjectNames.h */ = {isa = PBXFileReference; fileEncoding = 4; lastKnownFileType = sourcecode.c.h; name = ObjectNames.h; path = ../Shared/ObjectNames.h; sourceTree = SOURCE_ROOT; };
		65BFDF3213603C90002B818E /* SocketCommunicationDefs.h */ = {isa = PBXFileReference; fileEncoding = 4; lastKnownFileType = sourcecode.c.h; name = SocketCommunicationDefs.h; path = ../Shared/SocketCommunicationDefs.h; sourceTree = SOURCE_ROOT; };
		65BFDF3313603CF9002B818E /* SocketServer.h */ = {isa = PBXFileReference; fileEncoding = 4; lastKnownFileType = sourcecode.c.h; path = SocketServer.h; sourceTree = "<group>"; };
		65BFDF3413603CF9002B818E /* SocketServer.m */ = {isa = PBXFileReference; fileEncoding = 4; lastKnownFileType = sourcecode.c.objc; path = SocketServer.m; sourceTree = "<group>"; };
		65BFE06213605C0B002B818E /* AudioDeviceClient.h */ = {isa = PBXFileReference; fileEncoding = 4; lastKnownFileType = sourcecode.c.h; path = AudioDeviceClient.h; sourceTree = "<group>"; };
		65BFE06313605C0B002B818E /* AudioDeviceClient.m */ = {isa = PBXFileReference; fileEncoding = 4; lastKnownFileType = sourcecode.c.objc; path = AudioDeviceClient.m; sourceTree = "<group>"; };
/* End PBXFileReference section */

/* Begin PBXFrameworksBuildPhase section */
		6510B044135ECABD002A5B90 /* Frameworks */ = {
			isa = PBXFrameworksBuildPhase;
			buildActionMask = 2147483647;
			files = (
				6510B04C135ECADF002A5B90 /* AppKit.framework in Frameworks */,
				6510B04D135ECADF002A5B90 /* Foundation.framework in Frameworks */,
				6510B04E135ECADF002A5B90 /* Growl.framework in Frameworks */,
			);
			runOnlyForDeploymentPostprocessing = 0;
		};
/* End PBXFrameworksBuildPhase section */

/* Begin PBXGroup section */
		08FB7794FE84155DC02AAC07 /* PulseAudioHelper */ = {
			isa = PBXGroup;
			children = (
				6510B1DF135ECD27002A5B90 /* logo.icns */,
				6510B193135ECB36002A5B90 /* Resources */,
				65531BA9135D803E00817E2D /* ObjectNames.h */,
				65BFDF3213603C90002B818E /* SocketCommunicationDefs.h */,
				08FB7795FE84155DC02AAC07 /* Source */,
				08FB779DFE84155DC02AAC07 /* External Frameworks and Libraries */,
				1AB674ADFE9D54B511CA2CBB /* Products */,
			);
			name = PulseAudioHelper;
			sourceTree = "<group>";
		};
		08FB7795FE84155DC02AAC07 /* Source */ = {
			isa = PBXGroup;
			children = (
				32A70AAB03705E1F00C91783 /* PulseAudioHelper_Prefix.pch */,
				08FB7796FE84155DC02AAC07 /* main.m */,
				65BFE06213605C0B002B818E /* AudioDeviceClient.h */,
				65BFE06313605C0B002B818E /* AudioDeviceClient.m */,
				655315AC135B0BF500817E2D /* GrowlNotifications.h */,
				655315AD135B0BF500817E2D /* GrowlNotifications.m */,
				655317A7135B9CCF00817E2D /* ServerConnection.h */,
				655317A8135B9CCF00817E2D /* ServerConnection.m */,
				6553193B135C3B9E00817E2D /* ServerTask.h */,
				6553193C135C3B9E00817E2D /* ServerTask.m */,
				65BFDF3313603CF9002B818E /* SocketServer.h */,
				65BFDF3413603CF9002B818E /* SocketServer.m */,
				655317D4135BA57900817E2D /* StatusBar.h */,
				655317D5135BA57900817E2D /* StatusBar.m */,
				655319DE135C537600817E2D /* Preferences.h */,
				655319DF135C537600817E2D /* Preferences.m */,
				6510AFF9135DA1BB002A5B90 /* Pathes.h */,
			);
			name = Source;
			sourceTree = "<group>";
		};
		08FB779DFE84155DC02AAC07 /* External Frameworks and Libraries */ = {
			isa = PBXGroup;
			children = (
				65531647135B174500817E2D /* AppKit.framework */,
				655315BB135B0D9800817E2D /* Growl.framework */,
				08FB779EFE84155DC02AAC07 /* Foundation.framework */,
			);
			name = "External Frameworks and Libraries";
			sourceTree = "<group>";
		};
		1AB674ADFE9D54B511CA2CBB /* Products */ = {
			isa = PBXGroup;
			children = (
				6510B046135ECABD002A5B90 /* PulseAudioHelper.app */,
			);
			name = Products;
			sourceTree = "<group>";
		};
		6510B193135ECB36002A5B90 /* Resources */ = {
			isa = PBXGroup;
			children = (
				6510B048135ECABD002A5B90 /* PulseAudioHelper-Info.plist */,
			);
			name = Resources;
			sourceTree = "<group>";
		};
/* End PBXGroup section */

/* Begin PBXNativeTarget section */
		6510B045135ECABD002A5B90 /* PulseAudioHelper */ = {
			isa = PBXNativeTarget;
			buildConfigurationList = 6510B04B135ECABD002A5B90 /* Build configuration list for PBXNativeTarget "PulseAudioHelper" */;
			buildPhases = (
				6510B042135ECABD002A5B90 /* Resources */,
				6510B043135ECABD002A5B90 /* Sources */,
				6510B044135ECABD002A5B90 /* Frameworks */,
			);
			buildRules = (
			);
			dependencies = (
			);
			name = PulseAudioHelper;
			productName = PulseAudioHelper;
			productReference = 6510B046135ECABD002A5B90 /* PulseAudioHelper.app */;
			productType = "com.apple.product-type.application";
		};
/* End PBXNativeTarget section */

/* Begin PBXProject section */
		08FB7793FE84155DC02AAC07 /* Project object */ = {
			isa = PBXProject;
			buildConfigurationList = 1DEB927808733DD40010E9CD /* Build configuration list for PBXProject "PulseAudioHelper" */;
			compatibilityVersion = "Xcode 3.1";
			developmentRegion = English;
			hasScannedForEncodings = 1;
			knownRegions = (
				English,
				Japanese,
				French,
				German,
			);
			mainGroup = 08FB7794FE84155DC02AAC07 /* PulseAudioHelper */;
			projectDirPath = "";
			projectRoot = "";
			targets = (
				6510B045135ECABD002A5B90 /* PulseAudioHelper */,
			);
		};
/* End PBXProject section */

/* Begin PBXResourcesBuildPhase section */
		6510B042135ECABD002A5B90 /* Resources */ = {
			isa = PBXResourcesBuildPhase;
			buildActionMask = 2147483647;
			files = (
				6510B192135ECAFF002A5B90 /* Growl.framework in Resources */,
				6510B1E0135ECD27002A5B90 /* logo.icns in Resources */,
			);
			runOnlyForDeploymentPostprocessing = 0;
		};
/* End PBXResourcesBuildPhase section */

/* Begin PBXSourcesBuildPhase section */
		6510B043135ECABD002A5B90 /* Sources */ = {
			isa = PBXSourcesBuildPhase;
			buildActionMask = 2147483647;
			files = (
				6510B04F135ECADF002A5B90 /* GrowlNotifications.m in Sources */,
				6510B050135ECADF002A5B90 /* Preferences.m in Sources */,
				6510B052135ECADF002A5B90 /* main.m in Sources */,
				6510B053135ECADF002A5B90 /* ServerConnection.m in Sources */,
				6510B054135ECADF002A5B90 /* ServerTask.m in Sources */,
				6510B055135ECADF002A5B90 /* StatusBar.m in Sources */,
				65BFDF3513603CF9002B818E /* SocketServer.m in Sources */,
				65BFE06413605C0B002B818E /* AudioDeviceClient.m in Sources */,
			);
			runOnlyForDeploymentPostprocessing = 0;
		};
/* End PBXSourcesBuildPhase section */

/* Begin XCBuildConfiguration section */
		1DEB927908733DD40010E9CD /* Debug */ = {
			isa = XCBuildConfiguration;
			buildSettings = {
				ARCHS = "$(ARCHS_STANDARD_32_64_BIT)";
				GCC_C_LANGUAGE_STANDARD = gnu99;
				GCC_OPTIMIZATION_LEVEL = 0;
				GCC_WARN_ABOUT_RETURN_TYPE = YES;
				GCC_WARN_UNUSED_VARIABLE = YES;
				ONLY_ACTIVE_ARCH = YES;
				PREBINDING = NO;
				SDKROOT = macosx10.6;
			};
			name = Debug;
		};
		1DEB927A08733DD40010E9CD /* Release */ = {
			isa = XCBuildConfiguration;
			buildSettings = {
				ARCHS = "$(ARCHS_STANDARD_32_64_BIT)";
				GCC_C_LANGUAGE_STANDARD = gnu99;
				GCC_WARN_ABOUT_RETURN_TYPE = YES;
				GCC_WARN_UNUSED_VARIABLE = YES;
				PREBINDING = NO;
				SDKROOT = macosx10.6;
			};
			name = Release;
		};
		6510B049135ECABD002A5B90 /* Debug */ = {
			isa = XCBuildConfiguration;
			buildSettings = {
				ALWAYS_SEARCH_USER_PATHS = NO;
				COPY_PHASE_STRIP = NO;
				GCC_DYNAMIC_NO_PIC = NO;
				GCC_ENABLE_FIX_AND_CONTINUE = YES;
				GCC_MODEL_TUNING = G5;
				GCC_OPTIMIZATION_LEVEL = 0;
				GCC_PRECOMPILE_PREFIX_HEADER = YES;
				GCC_PREFIX_HEADER = "$(SYSTEM_LIBRARY_DIR)/Frameworks/AppKit.framework/Headers/AppKit.h";
				INFOPLIST_FILE = "PulseAudioHelper-Info.plist";
				INSTALL_PATH = "$(HOME)/Applications";
				OTHER_LDFLAGS = (
					"-framework",
					Foundation,
					"-framework",
					AppKit,
				);
				PREBINDING = NO;
				PRODUCT_NAME = PulseAudioHelper;
			};
			name = Debug;
		};
		6510B04A135ECABD002A5B90 /* Release */ = {
			isa = XCBuildConfiguration;
			buildSettings = {
				ALWAYS_SEARCH_USER_PATHS = NO;
				COPY_PHASE_STRIP = YES;
				DEBUG_INFORMATION_FORMAT = "dwarf-with-dsym";
				GCC_ENABLE_FIX_AND_CONTINUE = NO;
				GCC_MODEL_TUNING = G5;
				GCC_PRECOMPILE_PREFIX_HEADER = YES;
				GCC_PREFIX_HEADER = "$(SYSTEM_LIBRARY_DIR)/Frameworks/AppKit.framework/Headers/AppKit.h";
				INFOPLIST_FILE = "PulseAudioHelper-Info.plist";
				INSTALL_PATH = "$(HOME)/Applications";
				OTHER_LDFLAGS = (
					"-framework",
					Foundation,
					"-framework",
					AppKit,
				);
				PREBINDING = NO;
				PRODUCT_NAME = PulseAudioHelper;
				ZERO_LINK = NO;
			};
			name = Release;
		};
/* End XCBuildConfiguration section */

/* Begin XCConfigurationList section */
		1DEB927808733DD40010E9CD /* Build configuration list for PBXProject "PulseAudioHelper" */ = {
			isa = XCConfigurationList;
			buildConfigurations = (
				1DEB927908733DD40010E9CD /* Debug */,
				1DEB927A08733DD40010E9CD /* Release */,
			);
			defaultConfigurationIsVisible = 0;
			defaultConfigurationName = Release;
		};
		6510B04B135ECABD002A5B90 /* Build configuration list for PBXNativeTarget "PulseAudioHelper" */ = {
			isa = XCConfigurationList;
			buildConfigurations = (
				6510B049135ECABD002A5B90 /* Debug */,
				6510B04A135ECABD002A5B90 /* Release */,
			);
			defaultConfigurationIsVisible = 0;
			defaultConfigurationName = Release;
		};
/* End XCConfigurationList section */
	};
	rootObject = 08FB7793FE84155DC02AAC07 /* Project object */;
}
