// !$*UTF8*$!
{
	archiveVersion = 1;
	classes = {
	};
	objectVersion = 44;
	objects = {

/* Begin PBXBuildFile section */
		6510B1EB135F08B9002A5B90 /* LoginItemController.h in Headers */ = {isa = PBXBuildFile; fileRef = 6510B1E9135F08B9002A5B90 /* LoginItemController.h */; };
		6510B1EC135F08B9002A5B90 /* LoginItemController.m in Sources */ = {isa = PBXBuildFile; fileRef = 6510B1EA135F08B9002A5B90 /* LoginItemController.m */; };
		6547ABD5134C9B040097578F /* Quartz.framework in Frameworks */ = {isa = PBXBuildFile; fileRef = 6547ABD4134C9B040097578F /* Quartz.framework */; };
		655316D8135B51B100817E2D /* Growl.h in Headers */ = {isa = PBXBuildFile; fileRef = 655316D6135B51B100817E2D /* Growl.h */; };
		655316D9135B51B100817E2D /* Growl.m in Sources */ = {isa = PBXBuildFile; fileRef = 655316D7135B51B100817E2D /* Growl.m */; };
		65531795135B999500817E2D /* Growl_512x512.png in Resources */ = {isa = PBXBuildFile; fileRef = 65531794135B999500817E2D /* Growl_512x512.png */; };
		65531820135C1D3D00817E2D /* PreferencePane.h in Headers */ = {isa = PBXBuildFile; fileRef = 6553181E135C1D3D00817E2D /* PreferencePane.h */; };
		65531821135C1D3D00817E2D /* PreferencePane.m in Sources */ = {isa = PBXBuildFile; fileRef = 6553181F135C1D3D00817E2D /* PreferencePane.m */; };
		65531974135C3F8B00817E2D /* LocalServer.h in Headers */ = {isa = PBXBuildFile; fileRef = 65531972135C3F8B00817E2D /* LocalServer.h */; };
		65531975135C3F8B00817E2D /* LocalServer.m in Sources */ = {isa = PBXBuildFile; fileRef = 65531973135C3F8B00817E2D /* LocalServer.m */; };
		65531BB2135D810400817E2D /* ObjectNames.h in Headers */ = {isa = PBXBuildFile; fileRef = 65531BB1135D810400817E2D /* ObjectNames.h */; };
		657159BE1369B6B000D60887 /* PulseAudio.framework in Frameworks */ = {isa = PBXBuildFile; fileRef = 657159BD1369B6B000D60887 /* PulseAudio.framework */; };
		8D202CEA0486D31800D8A456 /* PulseAudio_Prefix.pch in Headers */ = {isa = PBXBuildFile; fileRef = 32DBCFA20370C41700C91783 /* PulseAudio_Prefix.pch */; };
		8D202CEB0486D31800D8A456 /* AudioClients.h in Headers */ = {isa = PBXBuildFile; fileRef = F506C03C013D9D7901CA16C8 /* AudioClients.h */; };
		8D202CED0486D31800D8A456 /* InfoPlist.strings in Resources */ = {isa = PBXBuildFile; fileRef = 089C167DFE841241C02AAC07 /* InfoPlist.strings */; };
		8D202CEE0486D31800D8A456 /* PAPreferencePane.tiff in Resources */ = {isa = PBXBuildFile; fileRef = F506C040013D9D8001CA16C8 /* PAPreferencePane.tiff */; };
		8D202CEF0486D31800D8A456 /* PAPreferencePane.nib in Resources */ = {isa = PBXBuildFile; fileRef = F506C042013D9D8C01CA16C8 /* PAPreferencePane.nib */; };
		8D202CF10486D31800D8A456 /* AudioClients.m in Sources */ = {isa = PBXBuildFile; fileRef = F506C03D013D9D7901CA16C8 /* AudioClients.m */; };
		8D202CF30486D31800D8A456 /* Cocoa.framework in Frameworks */ = {isa = PBXBuildFile; fileRef = 1058C7ADFEA557BF11CA2CBB /* Cocoa.framework */; };
		8D202CF40486D31800D8A456 /* PreferencePanes.framework in Frameworks */ = {isa = PBXBuildFile; fileRef = F506C035013D953901CA16C8 /* PreferencePanes.framework */; };
/* End PBXBuildFile section */

/* Begin PBXFileReference section */
		089C1672FE841209C02AAC07 /* Foundation.framework */ = {isa = PBXFileReference; lastKnownFileType = wrapper.framework; name = Foundation.framework; path = /System/Library/Frameworks/Foundation.framework; sourceTree = "<absolute>"; };
		089C167EFE841241C02AAC07 /* English */ = {isa = PBXFileReference; fileEncoding = 10; lastKnownFileType = text.plist.strings; name = English; path = English.lproj/InfoPlist.strings; sourceTree = "<group>"; };
		1058C7ADFEA557BF11CA2CBB /* Cocoa.framework */ = {isa = PBXFileReference; lastKnownFileType = wrapper.framework; name = Cocoa.framework; path = /System/Library/Frameworks/Cocoa.framework; sourceTree = "<absolute>"; };
		32DBCFA20370C41700C91783 /* PulseAudio_Prefix.pch */ = {isa = PBXFileReference; fileEncoding = 4; lastKnownFileType = sourcecode.c.h; path = PulseAudio_Prefix.pch; sourceTree = "<group>"; };
		6510B1E9135F08B9002A5B90 /* LoginItemController.h */ = {isa = PBXFileReference; fileEncoding = 4; lastKnownFileType = sourcecode.c.h; path = LoginItemController.h; sourceTree = "<group>"; };
		6510B1EA135F08B9002A5B90 /* LoginItemController.m */ = {isa = PBXFileReference; fileEncoding = 4; lastKnownFileType = sourcecode.c.objc; path = LoginItemController.m; sourceTree = "<group>"; };
		6547ABD4134C9B040097578F /* Quartz.framework */ = {isa = PBXFileReference; lastKnownFileType = wrapper.framework; name = Quartz.framework; path = /System/Library/Frameworks/Quartz.framework; sourceTree = "<absolute>"; };
		655316D6135B51B100817E2D /* Growl.h */ = {isa = PBXFileReference; fileEncoding = 4; lastKnownFileType = sourcecode.c.h; path = Growl.h; sourceTree = "<group>"; };
		655316D7135B51B100817E2D /* Growl.m */ = {isa = PBXFileReference; fileEncoding = 4; lastKnownFileType = sourcecode.c.objc; path = Growl.m; sourceTree = "<group>"; };
		65531794135B999500817E2D /* Growl_512x512.png */ = {isa = PBXFileReference; lastKnownFileType = image.png; path = Growl_512x512.png; sourceTree = "<group>"; };
		6553181E135C1D3D00817E2D /* PreferencePane.h */ = {isa = PBXFileReference; fileEncoding = 4; lastKnownFileType = sourcecode.c.h; path = PreferencePane.h; sourceTree = "<group>"; };
		6553181F135C1D3D00817E2D /* PreferencePane.m */ = {isa = PBXFileReference; fileEncoding = 4; lastKnownFileType = sourcecode.c.objc; path = PreferencePane.m; sourceTree = "<group>"; };
		65531972135C3F8B00817E2D /* LocalServer.h */ = {isa = PBXFileReference; fileEncoding = 4; lastKnownFileType = sourcecode.c.h; path = LocalServer.h; sourceTree = "<group>"; };
		65531973135C3F8B00817E2D /* LocalServer.m */ = {isa = PBXFileReference; fileEncoding = 4; lastKnownFileType = sourcecode.c.objc; path = LocalServer.m; sourceTree = "<group>"; };
		65531BB1135D810400817E2D /* ObjectNames.h */ = {isa = PBXFileReference; fileEncoding = 4; lastKnownFileType = sourcecode.c.h; name = ObjectNames.h; path = ../Shared/ObjectNames.h; sourceTree = SOURCE_ROOT; };
		657159BD1369B6B000D60887 /* PulseAudio.framework */ = {isa = PBXFileReference; lastKnownFileType = wrapper.framework; name = PulseAudio.framework; path = /Library/Frameworks/PulseAudio.framework; sourceTree = "<absolute>"; };
		8D202CF70486D31800D8A456 /* Info.plist */ = {isa = PBXFileReference; fileEncoding = 4; lastKnownFileType = text.plist; path = Info.plist; sourceTree = "<group>"; };
		8D202CF80486D31800D8A456 /* PulseAudio.prefPane */ = {isa = PBXFileReference; explicitFileType = wrapper.cfbundle; includeInIndex = 0; path = PulseAudio.prefPane; sourceTree = BUILT_PRODUCTS_DIR; };
		F506C035013D953901CA16C8 /* PreferencePanes.framework */ = {isa = PBXFileReference; lastKnownFileType = wrapper.framework; name = PreferencePanes.framework; path = /System/Library/Frameworks/PreferencePanes.framework; sourceTree = "<absolute>"; };
		F506C03C013D9D7901CA16C8 /* AudioClients.h */ = {isa = PBXFileReference; fileEncoding = 4; lastKnownFileType = sourcecode.c.h; path = AudioClients.h; sourceTree = "<group>"; };
		F506C03D013D9D7901CA16C8 /* AudioClients.m */ = {isa = PBXFileReference; fileEncoding = 4; lastKnownFileType = sourcecode.c.objc; path = AudioClients.m; sourceTree = "<group>"; };
		F506C040013D9D8001CA16C8 /* PAPreferencePane.tiff */ = {isa = PBXFileReference; lastKnownFileType = image.tiff; path = PAPreferencePane.tiff; sourceTree = "<group>"; };
		F506C043013D9D8C01CA16C8 /* English */ = {isa = PBXFileReference; lastKnownFileType = wrapper.nib; name = English; path = English.lproj/PAPreferencePane.nib; sourceTree = "<group>"; };
/* End PBXFileReference section */

/* Begin PBXFrameworksBuildPhase section */
		8D202CF20486D31800D8A456 /* Frameworks */ = {
			isa = PBXFrameworksBuildPhase;
			buildActionMask = 2147483647;
			files = (
				8D202CF30486D31800D8A456 /* Cocoa.framework in Frameworks */,
				8D202CF40486D31800D8A456 /* PreferencePanes.framework in Frameworks */,
				6547ABD5134C9B040097578F /* Quartz.framework in Frameworks */,
				657159BE1369B6B000D60887 /* PulseAudio.framework in Frameworks */,
			);
			runOnlyForDeploymentPostprocessing = 0;
		};
/* End PBXFrameworksBuildPhase section */

/* Begin PBXGroup section */
		089C166AFE841209C02AAC07 /* PulseAudio */ = {
			isa = PBXGroup;
			children = (
				08FB77AFFE84173DC02AAC07 /* Classes */,
				32DBCFA10370C40200C91783 /* Other Sources */,
				089C167CFE841241C02AAC07 /* Resources */,
				089C1671FE841209C02AAC07 /* Frameworks and Libraries */,
				19C28FB8FE9D52D311CA2CBB /* Products */,
			);
			name = PulseAudio;
			sourceTree = "<group>";
		};
		089C1671FE841209C02AAC07 /* Frameworks and Libraries */ = {
			isa = PBXGroup;
			children = (
				1058C7ACFEA557BF11CA2CBB /* Linked Frameworks */,
				1058C7AEFEA557BF11CA2CBB /* Other Frameworks */,
			);
			name = "Frameworks and Libraries";
			sourceTree = "<group>";
		};
		089C167CFE841241C02AAC07 /* Resources */ = {
			isa = PBXGroup;
			children = (
				65531794135B999500817E2D /* Growl_512x512.png */,
				8D202CF70486D31800D8A456 /* Info.plist */,
				089C167DFE841241C02AAC07 /* InfoPlist.strings */,
				F506C040013D9D8001CA16C8 /* PAPreferencePane.tiff */,
				F506C042013D9D8C01CA16C8 /* PAPreferencePane.nib */,
			);
			name = Resources;
			sourceTree = "<group>";
		};
		08FB77AFFE84173DC02AAC07 /* Classes */ = {
			isa = PBXGroup;
			children = (
				6510B1E9135F08B9002A5B90 /* LoginItemController.h */,
				6510B1EA135F08B9002A5B90 /* LoginItemController.m */,
				6553181E135C1D3D00817E2D /* PreferencePane.h */,
				6553181F135C1D3D00817E2D /* PreferencePane.m */,
				65531972135C3F8B00817E2D /* LocalServer.h */,
				65531973135C3F8B00817E2D /* LocalServer.m */,
				655316D6135B51B100817E2D /* Growl.h */,
				655316D7135B51B100817E2D /* Growl.m */,
				F506C03C013D9D7901CA16C8 /* AudioClients.h */,
				F506C03D013D9D7901CA16C8 /* AudioClients.m */,
			);
			name = Classes;
			sourceTree = "<group>";
		};
		1058C7ACFEA557BF11CA2CBB /* Linked Frameworks */ = {
			isa = PBXGroup;
			children = (
				657159BD1369B6B000D60887 /* PulseAudio.framework */,
				089C1672FE841209C02AAC07 /* Foundation.framework */,
				6547ABD4134C9B040097578F /* Quartz.framework */,
				1058C7ADFEA557BF11CA2CBB /* Cocoa.framework */,
				F506C035013D953901CA16C8 /* PreferencePanes.framework */,
			);
			name = "Linked Frameworks";
			sourceTree = "<group>";
		};
		1058C7AEFEA557BF11CA2CBB /* Other Frameworks */ = {
			isa = PBXGroup;
			children = (
			);
			name = "Other Frameworks";
			sourceTree = "<group>";
		};
		19C28FB8FE9D52D311CA2CBB /* Products */ = {
			isa = PBXGroup;
			children = (
				8D202CF80486D31800D8A456 /* PulseAudio.prefPane */,
			);
			name = Products;
			sourceTree = "<group>";
		};
		32DBCFA10370C40200C91783 /* Other Sources */ = {
			isa = PBXGroup;
			children = (
				65531BB1135D810400817E2D /* ObjectNames.h */,
				32DBCFA20370C41700C91783 /* PulseAudio_Prefix.pch */,
			);
			name = "Other Sources";
			sourceTree = "<group>";
		};
/* End PBXGroup section */

/* Begin PBXHeadersBuildPhase section */
		8D202CE90486D31800D8A456 /* Headers */ = {
			isa = PBXHeadersBuildPhase;
			buildActionMask = 2147483647;
			files = (
				8D202CEA0486D31800D8A456 /* PulseAudio_Prefix.pch in Headers */,
				8D202CEB0486D31800D8A456 /* AudioClients.h in Headers */,
				655316D8135B51B100817E2D /* Growl.h in Headers */,
				65531820135C1D3D00817E2D /* PreferencePane.h in Headers */,
				65531974135C3F8B00817E2D /* LocalServer.h in Headers */,
				65531BB2135D810400817E2D /* ObjectNames.h in Headers */,
				6510B1EB135F08B9002A5B90 /* LoginItemController.h in Headers */,
			);
			runOnlyForDeploymentPostprocessing = 0;
		};
/* End PBXHeadersBuildPhase section */

/* Begin PBXNativeTarget section */
		8D202CE80486D31800D8A456 /* PulseAudio */ = {
			isa = PBXNativeTarget;
			buildConfigurationList = 1DBD214808BA80EA00186707 /* Build configuration list for PBXNativeTarget "PulseAudio" */;
			buildPhases = (
				8D202CE90486D31800D8A456 /* Headers */,
				8D202CEC0486D31800D8A456 /* Resources */,
				8D202CF00486D31800D8A456 /* Sources */,
				8D202CF20486D31800D8A456 /* Frameworks */,
				8D202CF50486D31800D8A456 /* Rez */,
			);
			buildRules = (
			);
			dependencies = (
			);
			name = PulseAudio;
			productInstallPath = "$(HOME)/Library/PreferencePanes";
			productName = PulseAudio;
			productReference = 8D202CF80486D31800D8A456 /* PulseAudio.prefPane */;
			productType = "com.apple.product-type.bundle";
		};
/* End PBXNativeTarget section */

/* Begin PBXProject section */
		089C1669FE841209C02AAC07 /* Project object */ = {
			isa = PBXProject;
			buildConfigurationList = 1DBD214C08BA80EA00186707 /* Build configuration list for PBXProject "PAPreferencePane" */;
			compatibilityVersion = "Xcode 3.0";
			developmentRegion = English;
			hasScannedForEncodings = 1;
			knownRegions = (
				English,
				Japanese,
				French,
				German,
			);
			mainGroup = 089C166AFE841209C02AAC07 /* PulseAudio */;
			projectDirPath = "";
			projectRoot = "";
			targets = (
				8D202CE80486D31800D8A456 /* PulseAudio */,
			);
		};
/* End PBXProject section */

/* Begin PBXResourcesBuildPhase section */
		8D202CEC0486D31800D8A456 /* Resources */ = {
			isa = PBXResourcesBuildPhase;
			buildActionMask = 2147483647;
			files = (
				8D202CED0486D31800D8A456 /* InfoPlist.strings in Resources */,
				8D202CEE0486D31800D8A456 /* PAPreferencePane.tiff in Resources */,
				8D202CEF0486D31800D8A456 /* PAPreferencePane.nib in Resources */,
				65531795135B999500817E2D /* Growl_512x512.png in Resources */,
			);
			runOnlyForDeploymentPostprocessing = 0;
		};
/* End PBXResourcesBuildPhase section */

/* Begin PBXRezBuildPhase section */
		8D202CF50486D31800D8A456 /* Rez */ = {
			isa = PBXRezBuildPhase;
			buildActionMask = 2147483647;
			files = (
			);
			runOnlyForDeploymentPostprocessing = 0;
		};
/* End PBXRezBuildPhase section */

/* Begin PBXSourcesBuildPhase section */
		8D202CF00486D31800D8A456 /* Sources */ = {
			isa = PBXSourcesBuildPhase;
			buildActionMask = 2147483647;
			files = (
				8D202CF10486D31800D8A456 /* AudioClients.m in Sources */,
				655316D9135B51B100817E2D /* Growl.m in Sources */,
				65531821135C1D3D00817E2D /* PreferencePane.m in Sources */,
				65531975135C3F8B00817E2D /* LocalServer.m in Sources */,
				6510B1EC135F08B9002A5B90 /* LoginItemController.m in Sources */,
			);
			runOnlyForDeploymentPostprocessing = 0;
		};
/* End PBXSourcesBuildPhase section */

/* Begin PBXVariantGroup section */
		089C167DFE841241C02AAC07 /* InfoPlist.strings */ = {
			isa = PBXVariantGroup;
			children = (
				089C167EFE841241C02AAC07 /* English */,
			);
			name = InfoPlist.strings;
			sourceTree = "<group>";
		};
		F506C042013D9D8C01CA16C8 /* PAPreferencePane.nib */ = {
			isa = PBXVariantGroup;
			children = (
				F506C043013D9D8C01CA16C8 /* English */,
			);
			name = PAPreferencePane.nib;
			sourceTree = "<group>";
		};
/* End PBXVariantGroup section */

/* Begin XCBuildConfiguration section */
		1DBD214908BA80EA00186707 /* Debug */ = {
			isa = XCBuildConfiguration;
			buildSettings = {
				ARCHS = "$(ARCHS_STANDARD_32_64_BIT_PRE_XCODE_3_1)";
				ARCHS_STANDARD_32_64_BIT_PRE_XCODE_3_1 = "x86_64 i386 ppc";
				COPY_PHASE_STRIP = NO;
				FRAMEWORK_SEARCH_PATHS = "$(inherited)";
				GCC_DYNAMIC_NO_PIC = NO;
				GCC_ENABLE_FIX_AND_CONTINUE = YES;
				GCC_ENABLE_OBJC_GC = supported;
				GCC_MODEL_TUNING = G5;
				GCC_OPTIMIZATION_LEVEL = 0;
				GCC_PRECOMPILE_PREFIX_HEADER = YES;
				GCC_PREFIX_HEADER = PulseAudio_Prefix.pch;
				INFOPLIST_FILE = Info.plist;
				INSTALL_PATH = "$(HOME)/Library/PreferencePanes";
				PRODUCT_NAME = PulseAudio;
				SDKROOT = "$(DEVELOPER_SDK_DIR)/MacOSX10.6.sdk";
				VALID_ARCHS = "i386 x86_64";
				WRAPPER_EXTENSION = prefPane;
				ZERO_LINK = YES;
			};
			name = Debug;
		};
		1DBD214A08BA80EA00186707 /* Release */ = {
			isa = XCBuildConfiguration;
			buildSettings = {
				ARCHS = "$(ARCHS_STANDARD_32_64_BIT_PRE_XCODE_3_1)";
				ARCHS_STANDARD_32_64_BIT_PRE_XCODE_3_1 = "x86_64 i386 ppc";
				DEBUG_INFORMATION_FORMAT = "dwarf-with-dsym";
				FRAMEWORK_SEARCH_PATHS = "$(inherited)";
				GCC_ENABLE_OBJC_GC = supported;
				GCC_MODEL_TUNING = G5;
				GCC_PRECOMPILE_PREFIX_HEADER = YES;
				GCC_PREFIX_HEADER = PulseAudio_Prefix.pch;
				INFOPLIST_FILE = Info.plist;
				INSTALL_PATH = "$(HOME)/Library/PreferencePanes";
				MACOSX_DEPLOYMENT_TARGET = 10.5;
				PRODUCT_NAME = PulseAudio;
				SDKROOT = "$(DEVELOPER_SDK_DIR)/MacOSX10.6.sdk";
				VALID_ARCHS = "i386 x86_64";
				WRAPPER_EXTENSION = prefPane;
			};
			name = Release;
		};
		1DBD214D08BA80EA00186707 /* Debug */ = {
			isa = XCBuildConfiguration;
			buildSettings = {
				GCC_WARN_ABOUT_RETURN_TYPE = YES;
				GCC_WARN_UNUSED_VARIABLE = YES;
				PREBINDING = NO;
				SDKROOT = "$(DEVELOPER_SDK_DIR)/MacOSX10.5.sdk";
			};
			name = Debug;
		};
		1DBD214E08BA80EA00186707 /* Release */ = {
			isa = XCBuildConfiguration;
			buildSettings = {
				ARCHS = (
					ppc,
					i386,
				);
				GCC_WARN_ABOUT_RETURN_TYPE = YES;
				GCC_WARN_UNUSED_VARIABLE = YES;
				PREBINDING = NO;
				SDKROOT = "$(DEVELOPER_SDK_DIR)/MacOSX10.6.sdk";
			};
			name = Release;
		};
/* End XCBuildConfiguration section */

/* Begin XCConfigurationList section */
		1DBD214808BA80EA00186707 /* Build configuration list for PBXNativeTarget "PulseAudio" */ = {
			isa = XCConfigurationList;
			buildConfigurations = (
				1DBD214908BA80EA00186707 /* Debug */,
				1DBD214A08BA80EA00186707 /* Release */,
			);
			defaultConfigurationIsVisible = 0;
			defaultConfigurationName = Release;
		};
		1DBD214C08BA80EA00186707 /* Build configuration list for PBXProject "PAPreferencePane" */ = {
			isa = XCConfigurationList;
			buildConfigurations = (
				1DBD214D08BA80EA00186707 /* Debug */,
				1DBD214E08BA80EA00186707 /* Release */,
			);
			defaultConfigurationIsVisible = 0;
			defaultConfigurationName = Release;
		};
/* End XCConfigurationList section */
	};
	rootObject = 089C1669FE841209C02AAC07 /* Project object */;
}
