// !$*UTF8*$!
{
	archiveVersion = 1;
	classes = {
	};
	objectVersion = 45;
	objects = {

/* Begin PBXBuildFile section */
		32D94FC80562CBF700B6AF17 /* InfoPlist.strings in Resources */ = {isa = PBXBuildFile; fileRef = 089C167DFE841241C02AAC07 /* InfoPlist.strings */; };
		65291A38113D5872001BED4D /* PAUserClientTypes.h in Headers */ = {isa = PBXBuildFile; fileRef = 65291A37113D5872001BED4D /* PAUserClientTypes.h */; };
		65291A77113D6314001BED4D /* PADriver.h in Headers */ = {isa = PBXBuildFile; fileRef = 65291A75113D6314001BED4D /* PADriver.h */; };
		65291A78113D6314001BED4D /* PADriver.cpp in Sources */ = {isa = PBXBuildFile; fileRef = 65291A76113D6314001BED4D /* PADriver.cpp */; };
		65BDA9C3105D4BE900D15169 /* PATimeStampFactory.h in Headers */ = {isa = PBXBuildFile; fileRef = 65BDA9C1105D4BE900D15169 /* PATimeStampFactory.h */; };
		65BDA9C4105D4BE900D15169 /* PATimeStampFactory.cpp in Sources */ = {isa = PBXBuildFile; fileRef = 65BDA9C2105D4BE900D15169 /* PATimeStampFactory.cpp */; };
		65BDAA05105E346600D15169 /* BuildNames.h in Headers */ = {isa = PBXBuildFile; fileRef = 65BDAA04105E346600D15169 /* BuildNames.h */; };
		65FE3F191010B89100B00791 /* PADevice.h in Headers */ = {isa = PBXBuildFile; fileRef = 65FE3F171010B89100B00791 /* PADevice.h */; };
		65FE3F1A1010B89100B00791 /* PADevice.cpp in Sources */ = {isa = PBXBuildFile; fileRef = 65FE3F181010B89100B00791 /* PADevice.cpp */; };
		65FE3F241010B8A800B00791 /* PAEngine.h in Headers */ = {isa = PBXBuildFile; fileRef = 65FE3F221010B8A800B00791 /* PAEngine.h */; };
		65FE3F251010B8A800B00791 /* PAEngine.cpp in Sources */ = {isa = PBXBuildFile; fileRef = 65FE3F231010B8A800B00791 /* PAEngine.cpp */; };
		65FE3F281010B8B200B00791 /* PAUserClient.h in Headers */ = {isa = PBXBuildFile; fileRef = 65FE3F261010B8B200B00791 /* PAUserClient.h */; };
		65FE3F291010B8B200B00791 /* PAUserClient.cpp in Sources */ = {isa = PBXBuildFile; fileRef = 65FE3F271010B8B200B00791 /* PAUserClient.cpp */; };
		65FE3F6E1010CD9E00B00791 /* PALog.h in Headers */ = {isa = PBXBuildFile; fileRef = 65FE3F6D1010CD9E00B00791 /* PALog.h */; };
/* End PBXBuildFile section */

/* Begin PBXFileReference section */
		089C167EFE841241C02AAC07 /* English */ = {isa = PBXFileReference; fileEncoding = 10; lastKnownFileType = text.plist.strings; name = English; path = English.lproj/InfoPlist.strings; sourceTree = "<group>"; };
		32D94FCF0562CBF700B6AF17 /* Info.plist */ = {isa = PBXFileReference; lastKnownFileType = text.plist.xml; path = Info.plist; sourceTree = "<group>"; };
		32D94FD00562CBF700B6AF17 /* PulseAudioKext.kext */ = {isa = PBXFileReference; explicitFileType = wrapper.cfbundle; includeInIndex = 0; path = PulseAudioKext.kext; sourceTree = BUILT_PRODUCTS_DIR; };
		65291A37113D5872001BED4D /* PAUserClientTypes.h */ = {isa = PBXFileReference; fileEncoding = 4; lastKnownFileType = sourcecode.c.h; path = PAUserClientTypes.h; sourceTree = "<group>"; };
		65291A75113D6314001BED4D /* PADriver.h */ = {isa = PBXFileReference; fileEncoding = 4; lastKnownFileType = sourcecode.c.h; path = PADriver.h; sourceTree = "<group>"; };
		65291A76113D6314001BED4D /* PADriver.cpp */ = {isa = PBXFileReference; fileEncoding = 4; lastKnownFileType = sourcecode.cpp.cpp; path = PADriver.cpp; sourceTree = "<group>"; };
		65BDA9C1105D4BE900D15169 /* PATimeStampFactory.h */ = {isa = PBXFileReference; fileEncoding = 4; lastKnownFileType = sourcecode.c.h; path = PATimeStampFactory.h; sourceTree = "<group>"; };
		65BDA9C2105D4BE900D15169 /* PATimeStampFactory.cpp */ = {isa = PBXFileReference; fileEncoding = 4; lastKnownFileType = sourcecode.cpp.cpp; path = PATimeStampFactory.cpp; sourceTree = "<group>"; };
		65BDAA04105E346600D15169 /* BuildNames.h */ = {isa = PBXFileReference; fileEncoding = 4; lastKnownFileType = sourcecode.c.h; path = BuildNames.h; sourceTree = "<group>"; };
		65FE3F171010B89100B00791 /* PADevice.h */ = {isa = PBXFileReference; fileEncoding = 4; lastKnownFileType = sourcecode.c.h; path = PADevice.h; sourceTree = "<group>"; };
		65FE3F181010B89100B00791 /* PADevice.cpp */ = {isa = PBXFileReference; fileEncoding = 4; lastKnownFileType = sourcecode.cpp.cpp; path = PADevice.cpp; sourceTree = "<group>"; };
		65FE3F221010B8A800B00791 /* PAEngine.h */ = {isa = PBXFileReference; fileEncoding = 4; lastKnownFileType = sourcecode.c.h; path = PAEngine.h; sourceTree = "<group>"; };
		65FE3F231010B8A800B00791 /* PAEngine.cpp */ = {isa = PBXFileReference; fileEncoding = 4; lastKnownFileType = sourcecode.cpp.cpp; path = PAEngine.cpp; sourceTree = "<group>"; };
		65FE3F261010B8B200B00791 /* PAUserClient.h */ = {isa = PBXFileReference; fileEncoding = 4; lastKnownFileType = sourcecode.c.h; path = PAUserClient.h; sourceTree = "<group>"; };
		65FE3F271010B8B200B00791 /* PAUserClient.cpp */ = {isa = PBXFileReference; fileEncoding = 4; lastKnownFileType = sourcecode.cpp.cpp; path = PAUserClient.cpp; sourceTree = "<group>"; };
		65FE3F6D1010CD9E00B00791 /* PALog.h */ = {isa = PBXFileReference; fileEncoding = 4; lastKnownFileType = sourcecode.c.h; path = PALog.h; sourceTree = "<group>"; };
		8DA8362C06AD9B9200E5AC22 /* Kernel.framework */ = {isa = PBXFileReference; lastKnownFileType = wrapper.framework; name = Kernel.framework; path = /System/Library/Frameworks/Kernel.framework; sourceTree = "<absolute>"; };
/* End PBXFileReference section */

/* Begin PBXFrameworksBuildPhase section */
		32D94FCB0562CBF700B6AF17 /* Frameworks */ = {
			isa = PBXFrameworksBuildPhase;
			buildActionMask = 2147483647;
			files = (
			);
			runOnlyForDeploymentPostprocessing = 0;
		};
/* End PBXFrameworksBuildPhase section */

/* Begin PBXGroup section */
		089C166AFE841209C02AAC07 /* PulseAudioKext */ = {
			isa = PBXGroup;
			children = (
				65291A75113D6314001BED4D /* PADriver.h */,
				65291A76113D6314001BED4D /* PADriver.cpp */,
				65291A37113D5872001BED4D /* PAUserClientTypes.h */,
				65BDA9C1105D4BE900D15169 /* PATimeStampFactory.h */,
				65BDA9C2105D4BE900D15169 /* PATimeStampFactory.cpp */,
				247142CAFF3F8F9811CA285C /* Source */,
				8DA8362C06AD9B9200E5AC22 /* Kernel.framework */,
				089C167CFE841241C02AAC07 /* Resources */,
				19C28FB6FE9D52B211CA2CBB /* Products */,
				65FE3F171010B89100B00791 /* PADevice.h */,
				65FE3F181010B89100B00791 /* PADevice.cpp */,
				65FE3F221010B8A800B00791 /* PAEngine.h */,
				65FE3F231010B8A800B00791 /* PAEngine.cpp */,
				65FE3F261010B8B200B00791 /* PAUserClient.h */,
				65FE3F271010B8B200B00791 /* PAUserClient.cpp */,
				65FE3F6D1010CD9E00B00791 /* PALog.h */,
				65BDAA04105E346600D15169 /* BuildNames.h */,
			);
			name = PulseAudioKext;
			sourceTree = "<group>";
		};
		089C167CFE841241C02AAC07 /* Resources */ = {
			isa = PBXGroup;
			children = (
				32D94FCF0562CBF700B6AF17 /* Info.plist */,
				089C167DFE841241C02AAC07 /* InfoPlist.strings */,
			);
			name = Resources;
			sourceTree = "<group>";
		};
		19C28FB6FE9D52B211CA2CBB /* Products */ = {
			isa = PBXGroup;
			children = (
				32D94FD00562CBF700B6AF17 /* PulseAudioKext.kext */,
			);
			name = Products;
			sourceTree = "<group>";
		};
		247142CAFF3F8F9811CA285C /* Source */ = {
			isa = PBXGroup;
			children = (
			);
			name = Source;
			sourceTree = "<group>";
		};
/* End PBXGroup section */

/* Begin PBXHeadersBuildPhase section */
		32D94FC50562CBF700B6AF17 /* Headers */ = {
			isa = PBXHeadersBuildPhase;
			buildActionMask = 2147483647;
			files = (
				65FE3F191010B89100B00791 /* PADevice.h in Headers */,
				65FE3F241010B8A800B00791 /* PAEngine.h in Headers */,
				65FE3F281010B8B200B00791 /* PAUserClient.h in Headers */,
				65FE3F6E1010CD9E00B00791 /* PALog.h in Headers */,
				65BDA9C3105D4BE900D15169 /* PATimeStampFactory.h in Headers */,
				65BDAA05105E346600D15169 /* BuildNames.h in Headers */,
				65291A38113D5872001BED4D /* PAUserClientTypes.h in Headers */,
				65291A77113D6314001BED4D /* PADriver.h in Headers */,
			);
			runOnlyForDeploymentPostprocessing = 0;
		};
/* End PBXHeadersBuildPhase section */

/* Begin PBXNativeTarget section */
		32D94FC30562CBF700B6AF17 /* PulseAudioKext */ = {
			isa = PBXNativeTarget;
			buildConfigurationList = 1DEB91D908733DB10010E9CD /* Build configuration list for PBXNativeTarget "PulseAudioKext" */;
			buildPhases = (
				32D94FC50562CBF700B6AF17 /* Headers */,
				32D94FC70562CBF700B6AF17 /* Resources */,
				32D94FC90562CBF700B6AF17 /* Sources */,
				32D94FCB0562CBF700B6AF17 /* Frameworks */,
				32D94FCC0562CBF700B6AF17 /* Rez */,
			);
			buildRules = (
			);
			dependencies = (
			);
			name = PulseAudioKext;
			productInstallPath = "$(SYSTEM_LIBRARY_DIR)/Extensions";
			productName = PulseAudioKext;
			productReference = 32D94FD00562CBF700B6AF17 /* PulseAudioKext.kext */;
			productType = "com.apple.product-type.kernel-extension.iokit";
		};
/* End PBXNativeTarget section */

/* Begin PBXProject section */
		089C1669FE841209C02AAC07 /* Project object */ = {
			isa = PBXProject;
			buildConfigurationList = 1DEB91DD08733DB10010E9CD /* Build configuration list for PBXProject "PulseAudioKext" */;
			compatibilityVersion = "Xcode 3.1";
			hasScannedForEncodings = 1;
			mainGroup = 089C166AFE841209C02AAC07 /* PulseAudioKext */;
			projectDirPath = "";
			projectRoot = "";
			targets = (
				32D94FC30562CBF700B6AF17 /* PulseAudioKext */,
			);
		};
/* End PBXProject section */

/* Begin PBXResourcesBuildPhase section */
		32D94FC70562CBF700B6AF17 /* Resources */ = {
			isa = PBXResourcesBuildPhase;
			buildActionMask = 2147483647;
			files = (
				32D94FC80562CBF700B6AF17 /* InfoPlist.strings in Resources */,
			);
			runOnlyForDeploymentPostprocessing = 0;
		};
/* End PBXResourcesBuildPhase section */

/* Begin PBXRezBuildPhase section */
		32D94FCC0562CBF700B6AF17 /* Rez */ = {
			isa = PBXRezBuildPhase;
			buildActionMask = 2147483647;
			files = (
			);
			runOnlyForDeploymentPostprocessing = 0;
		};
/* End PBXRezBuildPhase section */

/* Begin PBXSourcesBuildPhase section */
		32D94FC90562CBF700B6AF17 /* Sources */ = {
			isa = PBXSourcesBuildPhase;
			buildActionMask = 2147483647;
			files = (
				65FE3F1A1010B89100B00791 /* PADevice.cpp in Sources */,
				65FE3F251010B8A800B00791 /* PAEngine.cpp in Sources */,
				65FE3F291010B8B200B00791 /* PAUserClient.cpp in Sources */,
				65BDA9C4105D4BE900D15169 /* PATimeStampFactory.cpp in Sources */,
				65291A78113D6314001BED4D /* PADriver.cpp in Sources */,
			);
			runOnlyForDeploymentPostprocessing = 0;
		};
/* End PBXSourcesBuildPhase section */

/* Begin PBXVariantGroup section */
		089C167DFE841241C02AAC07 /* InfoPlist.strings */ = {
			isa = PBXVariantGroup;
			children = (
				089C167EFE841241C02AAC07 /* English */,
			);
			name = InfoPlist.strings;
			sourceTree = "<group>";
		};
/* End PBXVariantGroup section */

/* Begin XCBuildConfiguration section */
		1DEB91DA08733DB10010E9CD /* Debug */ = {
			isa = XCBuildConfiguration;
			buildSettings = {
				ALWAYS_SEARCH_USER_PATHS = NO;
				COPY_PHASE_STRIP = NO;
				CURRENT_PROJECT_VERSION = 1.0.0d1;
				GCC_DYNAMIC_NO_PIC = NO;
				GCC_MODEL_TUNING = G5;
				GCC_OPTIMIZATION_LEVEL = 0;
				GCC_PREPROCESSOR_DEFINITIONS = PA_DEBUG;
				INFOPLIST_FILE = Info.plist;
				INFOPLIST_PREPROCESS = YES;
				INSTALL_PATH = "$(SYSTEM_LIBRARY_DIR)/Extensions";
				MODULE_NAME = com.yourcompany.driver.PulseAudioKext;
				MODULE_VERSION = 1.0.0d1;
				ONLY_ACTIVE_ARCH = NO;
				PRODUCT_NAME = PulseAudioKext;
				WRAPPER_EXTENSION = kext;
			};
			name = Debug;
		};
		1DEB91DB08733DB10010E9CD /* Release */ = {
			isa = XCBuildConfiguration;
			buildSettings = {
				ALWAYS_SEARCH_USER_PATHS = NO;
				CURRENT_PROJECT_VERSION = 1.0.0d1;
				DEBUG_INFORMATION_FORMAT = "dwarf-with-dsym";
				GCC_MODEL_TUNING = G5;
				INFOPLIST_FILE = Info.plist;
				INFOPLIST_PREPROCESS = YES;
				INSTALL_PATH = "$(SYSTEM_LIBRARY_DIR)/Extensions";
				MODULE_NAME = com.yourcompany.driver.PulseAudioKext;
				MODULE_VERSION = 1.0.0d1;
				PRODUCT_NAME = PulseAudioKext;
				WRAPPER_EXTENSION = kext;
			};
			name = Release;
		};
		1DEB91DE08733DB10010E9CD /* Debug */ = {
			isa = XCBuildConfiguration;
			buildSettings = {
				ALWAYS_SEARCH_USER_PATHS = NO;
				ARCHS = "$(ARCHS_STANDARD_32_BIT)";
				GCC_C_LANGUAGE_STANDARD = c99;
				GCC_OPTIMIZATION_LEVEL = 0;
				GCC_WARN_ABOUT_RETURN_TYPE = YES;
				GCC_WARN_UNUSED_VARIABLE = YES;
				ONLY_ACTIVE_ARCH = YES;
				PREBINDING = NO;
				SDKROOT = macosx10.5;
			};
			name = Debug;
		};
		1DEB91DF08733DB10010E9CD /* Release */ = {
			isa = XCBuildConfiguration;
			buildSettings = {
				ALWAYS_SEARCH_USER_PATHS = NO;
				ARCHS = "$(ARCHS_STANDARD_32_BIT)";
				GCC_C_LANGUAGE_STANDARD = c99;
				GCC_WARN_ABOUT_RETURN_TYPE = YES;
				GCC_WARN_UNUSED_VARIABLE = YES;
				PREBINDING = NO;
				SDKROOT = macosx10.5;
			};
			name = Release;
		};
/* End XCBuildConfiguration section */

/* Begin XCConfigurationList section */
		1DEB91D908733DB10010E9CD /* Build configuration list for PBXNativeTarget "PulseAudioKext" */ = {
			isa = XCConfigurationList;
			buildConfigurations = (
				1DEB91DA08733DB10010E9CD /* Debug */,
				1DEB91DB08733DB10010E9CD /* Release */,
			);
			defaultConfigurationIsVisible = 0;
			defaultConfigurationName = Release;
		};
		1DEB91DD08733DB10010E9CD /* Build configuration list for PBXProject "PulseAudioKext" */ = {
			isa = XCConfigurationList;
			buildConfigurations = (
				1DEB91DE08733DB10010E9CD /* Debug */,
				1DEB91DF08733DB10010E9CD /* Release */,
			);
			defaultConfigurationIsVisible = 0;
			defaultConfigurationName = Release;
		};
/* End XCConfigurationList section */
	};
	rootObject = 089C1669FE841209C02AAC07 /* Project object */;
}
