// !$*UTF8*$!
{
	archiveVersion = 1;
	classes = {
	};
	objectVersion = 45;
	objects = {

/* Begin PBXBuildFile section */
		32D94FC80562CBF700B6AF17 /* InfoPlist.strings in Resources */ = {isa = PBXBuildFile; fileRef = 089C167DFE841241C02AAC07 /* InfoPlist.strings */; };
		652081EB114A8E1300EE6D5A /* libPAFloatSupport.a in Frameworks */ = {isa = PBXBuildFile; fileRef = 652E2B1B1145C9320019804F /* libPAFloatSupport.a */; };
		65208210114A93DF00EE6D5A /* PAVirtualDeviceUserClient.h in Headers */ = {isa = PBXBuildFile; fileRef = 6520820B114A93DF00EE6D5A /* PAVirtualDeviceUserClient.h */; };
		65208211114A93DF00EE6D5A /* PAVirtualDeviceUserClientTypes.h in Headers */ = {isa = PBXBuildFile; fileRef = 6520820C114A93DF00EE6D5A /* PAVirtualDeviceUserClientTypes.h */; };
		65208686114D440100EE6D5A /* PAVirtualDevice.cpp in Sources */ = {isa = PBXBuildFile; fileRef = 65208208114A93DF00EE6D5A /* PAVirtualDevice.cpp */; };
		65208687114D440300EE6D5A /* PAVirtualDeviceUserClient.cpp in Sources */ = {isa = PBXBuildFile; fileRef = 6520820A114A93DF00EE6D5A /* PAVirtualDeviceUserClient.cpp */; };
		65208688114D440400EE6D5A /* PAVirtualDevice.h in Headers */ = {isa = PBXBuildFile; fileRef = 65208209114A93DF00EE6D5A /* PAVirtualDevice.h */; };
		65208689114D440500EE6D5A /* PAUserClientCommonTypes.h in Headers */ = {isa = PBXBuildFile; fileRef = 6520822D114AAC4900EE6D5A /* PAUserClientCommonTypes.h */; };
		6520868A114D440800EE6D5A /* PAVirtualDeviceUserClient.h in Headers */ = {isa = PBXBuildFile; fileRef = 6520820B114A93DF00EE6D5A /* PAVirtualDeviceUserClient.h */; };
		6520868B114D440900EE6D5A /* PAVirtualDeviceUserClientTypes.h in Headers */ = {isa = PBXBuildFile; fileRef = 6520820C114A93DF00EE6D5A /* PAVirtualDeviceUserClientTypes.h */; };
		65291A38113D5872001BED4D /* PADriverUserClientTypes.h in Headers */ = {isa = PBXBuildFile; fileRef = 65291A37113D5872001BED4D /* PADriverUserClientTypes.h */; };
		65291A77113D6314001BED4D /* PADriver.h in Headers */ = {isa = PBXBuildFile; fileRef = 65291A75113D6314001BED4D /* PADriver.h */; };
		65291A78113D6314001BED4D /* PADriver.cpp in Sources */ = {isa = PBXBuildFile; fileRef = 65291A76113D6314001BED4D /* PADriver.cpp */; };
		652E2B241145C9980019804F /* PAClip.cpp in Sources */ = {isa = PBXBuildFile; fileRef = 652E2B221145C9980019804F /* PAClip.cpp */; };
		65BDAA05105E346600D15169 /* BuildNames.h in Headers */ = {isa = PBXBuildFile; fileRef = 65BDAA04105E346600D15169 /* BuildNames.h */; };
		65F4BEBA114E4A300066A0F2 /* PAStream.h in Headers */ = {isa = PBXBuildFile; fileRef = 65F4BEB8114E4A300066A0F2 /* PAStream.h */; };
		65F4BEBB114E4A300066A0F2 /* PAStream.cpp in Sources */ = {isa = PBXBuildFile; fileRef = 65F4BEB9114E4A300066A0F2 /* PAStream.cpp */; };
		65FE3F191010B89100B00791 /* PADevice.h in Headers */ = {isa = PBXBuildFile; fileRef = 65FE3F171010B89100B00791 /* PADevice.h */; };
		65FE3F1A1010B89100B00791 /* PADevice.cpp in Sources */ = {isa = PBXBuildFile; fileRef = 65FE3F181010B89100B00791 /* PADevice.cpp */; };
		65FE3F241010B8A800B00791 /* PAEngine.h in Headers */ = {isa = PBXBuildFile; fileRef = 65FE3F221010B8A800B00791 /* PAEngine.h */; };
		65FE3F251010B8A800B00791 /* PAEngine.cpp in Sources */ = {isa = PBXBuildFile; fileRef = 65FE3F231010B8A800B00791 /* PAEngine.cpp */; };
		65FE3F281010B8B200B00791 /* PADriverUserClient.h in Headers */ = {isa = PBXBuildFile; fileRef = 65FE3F261010B8B200B00791 /* PADriverUserClient.h */; };
		65FE3F291010B8B200B00791 /* PADriverUserClient.cpp in Sources */ = {isa = PBXBuildFile; fileRef = 65FE3F271010B8B200B00791 /* PADriverUserClient.cpp */; };
		65FE3F6E1010CD9E00B00791 /* PALog.h in Headers */ = {isa = PBXBuildFile; fileRef = 65FE3F6D1010CD9E00B00791 /* PALog.h */; };
/* End PBXBuildFile section */

/* Begin PBXContainerItemProxy section */
		652086AC114D47EA00EE6D5A /* PBXContainerItemProxy */ = {
			isa = PBXContainerItemProxy;
			containerPortal = 089C1669FE841209C02AAC07 /* Project object */;
			proxyType = 1;
			remoteGlobalIDString = 652E2B1A1145C9320019804F;
			remoteInfo = PAFloatSupport;
		};
/* End PBXContainerItemProxy section */

/* Begin PBXFileReference section */
		089C167EFE841241C02AAC07 /* English */ = {isa = PBXFileReference; fileEncoding = 10; lastKnownFileType = text.plist.strings; name = English; path = English.lproj/InfoPlist.strings; sourceTree = "<group>"; };
		32D94FCF0562CBF700B6AF17 /* Info.plist */ = {isa = PBXFileReference; lastKnownFileType = text.plist.xml; path = Info.plist; sourceTree = "<group>"; };
		32D94FD00562CBF700B6AF17 /* PulseAudioKext.kext */ = {isa = PBXFileReference; explicitFileType = wrapper.cfbundle; includeInIndex = 0; path = PulseAudioKext.kext; sourceTree = BUILT_PRODUCTS_DIR; };
		65208208114A93DF00EE6D5A /* PAVirtualDevice.cpp */ = {isa = PBXFileReference; fileEncoding = 4; lastKnownFileType = sourcecode.cpp.cpp; path = PAVirtualDevice.cpp; sourceTree = "<group>"; };
		65208209114A93DF00EE6D5A /* PAVirtualDevice.h */ = {isa = PBXFileReference; fileEncoding = 4; lastKnownFileType = sourcecode.c.h; path = PAVirtualDevice.h; sourceTree = "<group>"; };
		6520820A114A93DF00EE6D5A /* PAVirtualDeviceUserClient.cpp */ = {isa = PBXFileReference; fileEncoding = 4; lastKnownFileType = sourcecode.cpp.cpp; path = PAVirtualDeviceUserClient.cpp; sourceTree = "<group>"; };
		6520820B114A93DF00EE6D5A /* PAVirtualDeviceUserClient.h */ = {isa = PBXFileReference; fileEncoding = 4; lastKnownFileType = sourcecode.c.h; path = PAVirtualDeviceUserClient.h; sourceTree = "<group>"; };
		6520820C114A93DF00EE6D5A /* PAVirtualDeviceUserClientTypes.h */ = {isa = PBXFileReference; fileEncoding = 4; lastKnownFileType = sourcecode.c.h; path = PAVirtualDeviceUserClientTypes.h; sourceTree = "<group>"; };
		6520822D114AAC4900EE6D5A /* PAUserClientCommonTypes.h */ = {isa = PBXFileReference; fileEncoding = 4; lastKnownFileType = sourcecode.c.h; path = PAUserClientCommonTypes.h; sourceTree = "<group>"; };
		65291A37113D5872001BED4D /* PADriverUserClientTypes.h */ = {isa = PBXFileReference; fileEncoding = 4; lastKnownFileType = sourcecode.c.h; path = PADriverUserClientTypes.h; sourceTree = "<group>"; };
		65291A75113D6314001BED4D /* PADriver.h */ = {isa = PBXFileReference; fileEncoding = 4; lastKnownFileType = sourcecode.c.h; path = PADriver.h; sourceTree = "<group>"; };
		65291A76113D6314001BED4D /* PADriver.cpp */ = {isa = PBXFileReference; fileEncoding = 4; lastKnownFileType = sourcecode.cpp.cpp; path = PADriver.cpp; sourceTree = "<group>"; };
		652E2B1B1145C9320019804F /* libPAFloatSupport.a */ = {isa = PBXFileReference; explicitFileType = archive.ar; includeInIndex = 0; path = libPAFloatSupport.a; sourceTree = BUILT_PRODUCTS_DIR; };
		652E2B221145C9980019804F /* PAClip.cpp */ = {isa = PBXFileReference; fileEncoding = 4; lastKnownFileType = sourcecode.cpp.cpp; path = PAClip.cpp; sourceTree = "<group>"; };
		65BDAA04105E346600D15169 /* BuildNames.h */ = {isa = PBXFileReference; fileEncoding = 4; lastKnownFileType = sourcecode.c.h; path = BuildNames.h; sourceTree = "<group>"; };
		65F4BEB8114E4A300066A0F2 /* PAStream.h */ = {isa = PBXFileReference; fileEncoding = 4; lastKnownFileType = sourcecode.c.h; path = PAStream.h; sourceTree = "<group>"; };
		65F4BEB9114E4A300066A0F2 /* PAStream.cpp */ = {isa = PBXFileReference; fileEncoding = 4; lastKnownFileType = sourcecode.cpp.cpp; path = PAStream.cpp; sourceTree = "<group>"; };
		65FE3F171010B89100B00791 /* PADevice.h */ = {isa = PBXFileReference; fileEncoding = 4; lastKnownFileType = sourcecode.c.h; path = PADevice.h; sourceTree = "<group>"; };
		65FE3F181010B89100B00791 /* PADevice.cpp */ = {isa = PBXFileReference; fileEncoding = 4; lastKnownFileType = sourcecode.cpp.cpp; path = PADevice.cpp; sourceTree = "<group>"; };
		65FE3F221010B8A800B00791 /* PAEngine.h */ = {isa = PBXFileReference; fileEncoding = 4; lastKnownFileType = sourcecode.c.h; path = PAEngine.h; sourceTree = "<group>"; };
		65FE3F231010B8A800B00791 /* PAEngine.cpp */ = {isa = PBXFileReference; fileEncoding = 4; lastKnownFileType = sourcecode.cpp.cpp; path = PAEngine.cpp; sourceTree = "<group>"; };
		65FE3F261010B8B200B00791 /* PADriverUserClient.h */ = {isa = PBXFileReference; fileEncoding = 4; lastKnownFileType = sourcecode.c.h; path = PADriverUserClient.h; sourceTree = "<group>"; };
		65FE3F271010B8B200B00791 /* PADriverUserClient.cpp */ = {isa = PBXFileReference; fileEncoding = 4; lastKnownFileType = sourcecode.cpp.cpp; path = PADriverUserClient.cpp; sourceTree = "<group>"; };
		65FE3F6D1010CD9E00B00791 /* PALog.h */ = {isa = PBXFileReference; fileEncoding = 4; lastKnownFileType = sourcecode.c.h; path = PALog.h; sourceTree = "<group>"; };
		8DA8362C06AD9B9200E5AC22 /* Kernel.framework */ = {isa = PBXFileReference; lastKnownFileType = wrapper.framework; name = Kernel.framework; path = /System/Library/Frameworks/Kernel.framework; sourceTree = "<absolute>"; };
/* End PBXFileReference section */

/* Begin PBXFrameworksBuildPhase section */
		32D94FCB0562CBF700B6AF17 /* Frameworks */ = {
			isa = PBXFrameworksBuildPhase;
			buildActionMask = 2147483647;
			files = (
				652081EB114A8E1300EE6D5A /* libPAFloatSupport.a in Frameworks */,
			);
			runOnlyForDeploymentPostprocessing = 0;
		};
		652E2B191145C9320019804F /* Frameworks */ = {
			isa = PBXFrameworksBuildPhase;
			buildActionMask = 2147483647;
			files = (
			);
			runOnlyForDeploymentPostprocessing = 0;
		};
/* End PBXFrameworksBuildPhase section */

/* Begin PBXGroup section */
		089C166AFE841209C02AAC07 /* PulseAudioKext */ = {
			isa = PBXGroup;
			children = (
				6520822D114AAC4900EE6D5A /* PAUserClientCommonTypes.h */,
				65208208114A93DF00EE6D5A /* PAVirtualDevice.cpp */,
				65208209114A93DF00EE6D5A /* PAVirtualDevice.h */,
				6520820A114A93DF00EE6D5A /* PAVirtualDeviceUserClient.cpp */,
				6520820B114A93DF00EE6D5A /* PAVirtualDeviceUserClient.h */,
				6520820C114A93DF00EE6D5A /* PAVirtualDeviceUserClientTypes.h */,
				65291A75113D6314001BED4D /* PADriver.h */,
				65291A76113D6314001BED4D /* PADriver.cpp */,
				65291A37113D5872001BED4D /* PADriverUserClientTypes.h */,
				247142CAFF3F8F9811CA285C /* Source */,
				8DA8362C06AD9B9200E5AC22 /* Kernel.framework */,
				089C167CFE841241C02AAC07 /* Resources */,
				19C28FB6FE9D52B211CA2CBB /* Products */,
				65FE3F171010B89100B00791 /* PADevice.h */,
				65FE3F181010B89100B00791 /* PADevice.cpp */,
				65FE3F221010B8A800B00791 /* PAEngine.h */,
				65FE3F231010B8A800B00791 /* PAEngine.cpp */,
				65FE3F261010B8B200B00791 /* PADriverUserClient.h */,
				65FE3F271010B8B200B00791 /* PADriverUserClient.cpp */,
				65FE3F6D1010CD9E00B00791 /* PALog.h */,
				65BDAA04105E346600D15169 /* BuildNames.h */,
				652E2B221145C9980019804F /* PAClip.cpp */,
				65F4BEB8114E4A300066A0F2 /* PAStream.h */,
				65F4BEB9114E4A300066A0F2 /* PAStream.cpp */,
			);
			name = PulseAudioKext;
			sourceTree = "<group>";
		};
		089C167CFE841241C02AAC07 /* Resources */ = {
			isa = PBXGroup;
			children = (
				32D94FCF0562CBF700B6AF17 /* Info.plist */,
				089C167DFE841241C02AAC07 /* InfoPlist.strings */,
			);
			name = Resources;
			sourceTree = "<group>";
		};
		19C28FB6FE9D52B211CA2CBB /* Products */ = {
			isa = PBXGroup;
			children = (
				32D94FD00562CBF700B6AF17 /* PulseAudioKext.kext */,
				652E2B1B1145C9320019804F /* libPAFloatSupport.a */,
			);
			name = Products;
			sourceTree = "<group>";
		};
		247142CAFF3F8F9811CA285C /* Source */ = {
			isa = PBXGroup;
			children = (
			);
			name = Source;
			sourceTree = "<group>";
		};
/* End PBXGroup section */

/* Begin PBXHeadersBuildPhase section */
		32D94FC50562CBF700B6AF17 /* Headers */ = {
			isa = PBXHeadersBuildPhase;
			buildActionMask = 2147483647;
			files = (
				65FE3F191010B89100B00791 /* PADevice.h in Headers */,
				65FE3F241010B8A800B00791 /* PAEngine.h in Headers */,
				65FE3F281010B8B200B00791 /* PADriverUserClient.h in Headers */,
				65FE3F6E1010CD9E00B00791 /* PALog.h in Headers */,
				65BDAA05105E346600D15169 /* BuildNames.h in Headers */,
				65291A38113D5872001BED4D /* PADriverUserClientTypes.h in Headers */,
				65291A77113D6314001BED4D /* PADriver.h in Headers */,
				65208688114D440400EE6D5A /* PAVirtualDevice.h in Headers */,
				65208689114D440500EE6D5A /* PAUserClientCommonTypes.h in Headers */,
				6520868A114D440800EE6D5A /* PAVirtualDeviceUserClient.h in Headers */,
				6520868B114D440900EE6D5A /* PAVirtualDeviceUserClientTypes.h in Headers */,
				65F4BEBA114E4A300066A0F2 /* PAStream.h in Headers */,
			);
			runOnlyForDeploymentPostprocessing = 0;
		};
		652E2B171145C9320019804F /* Headers */ = {
			isa = PBXHeadersBuildPhase;
			buildActionMask = 2147483647;
			files = (
				65208210114A93DF00EE6D5A /* PAVirtualDeviceUserClient.h in Headers */,
				65208211114A93DF00EE6D5A /* PAVirtualDeviceUserClientTypes.h in Headers */,
			);
			runOnlyForDeploymentPostprocessing = 0;
		};
/* End PBXHeadersBuildPhase section */

/* Begin PBXNativeTarget section */
		32D94FC30562CBF700B6AF17 /* PulseAudioKext */ = {
			isa = PBXNativeTarget;
			buildConfigurationList = 1DEB91D908733DB10010E9CD /* Build configuration list for PBXNativeTarget "PulseAudioKext" */;
			buildPhases = (
				32D94FC50562CBF700B6AF17 /* Headers */,
				32D94FC70562CBF700B6AF17 /* Resources */,
				32D94FC90562CBF700B6AF17 /* Sources */,
				32D94FCB0562CBF700B6AF17 /* Frameworks */,
				32D94FCC0562CBF700B6AF17 /* Rez */,
			);
			buildRules = (
			);
			dependencies = (
				652086AD114D47EA00EE6D5A /* PBXTargetDependency */,
			);
			name = PulseAudioKext;
			productInstallPath = "$(SYSTEM_LIBRARY_DIR)/Extensions";
			productName = PulseAudioKext;
			productReference = 32D94FD00562CBF700B6AF17 /* PulseAudioKext.kext */;
			productType = "com.apple.product-type.kernel-extension.iokit";
		};
		652E2B1A1145C9320019804F /* PAFloatSupport */ = {
			isa = PBXNativeTarget;
			buildConfigurationList = 652E2B201145C9560019804F /* Build configuration list for PBXNativeTarget "PAFloatSupport" */;
			buildPhases = (
				652E2B171145C9320019804F /* Headers */,
				652E2B181145C9320019804F /* Sources */,
				652E2B191145C9320019804F /* Frameworks */,
			);
			buildRules = (
			);
			dependencies = (
			);
			name = PAFloatSupport;
			productName = PAFloatSupport;
			productReference = 652E2B1B1145C9320019804F /* libPAFloatSupport.a */;
			productType = "com.apple.product-type.library.static";
		};
/* End PBXNativeTarget section */

/* Begin PBXProject section */
		089C1669FE841209C02AAC07 /* Project object */ = {
			isa = PBXProject;
			buildConfigurationList = 1DEB91DD08733DB10010E9CD /* Build configuration list for PBXProject "PulseAudioKext" */;
			compatibilityVersion = "Xcode 3.1";
			hasScannedForEncodings = 1;
			mainGroup = 089C166AFE841209C02AAC07 /* PulseAudioKext */;
			projectDirPath = "";
			projectRoot = "";
			targets = (
				32D94FC30562CBF700B6AF17 /* PulseAudioKext */,
				652E2B1A1145C9320019804F /* PAFloatSupport */,
			);
		};
/* End PBXProject section */

/* Begin PBXResourcesBuildPhase section */
		32D94FC70562CBF700B6AF17 /* Resources */ = {
			isa = PBXResourcesBuildPhase;
			buildActionMask = 2147483647;
			files = (
				32D94FC80562CBF700B6AF17 /* InfoPlist.strings in Resources */,
			);
			runOnlyForDeploymentPostprocessing = 0;
		};
/* End PBXResourcesBuildPhase section */

/* Begin PBXRezBuildPhase section */
		32D94FCC0562CBF700B6AF17 /* Rez */ = {
			isa = PBXRezBuildPhase;
			buildActionMask = 2147483647;
			files = (
			);
			runOnlyForDeploymentPostprocessing = 0;
		};
/* End PBXRezBuildPhase section */

/* Begin PBXSourcesBuildPhase section */
		32D94FC90562CBF700B6AF17 /* Sources */ = {
			isa = PBXSourcesBuildPhase;
			buildActionMask = 2147483647;
			files = (
				65FE3F1A1010B89100B00791 /* PADevice.cpp in Sources */,
				65FE3F251010B8A800B00791 /* PAEngine.cpp in Sources */,
				65FE3F291010B8B200B00791 /* PADriverUserClient.cpp in Sources */,
				65291A78113D6314001BED4D /* PADriver.cpp in Sources */,
				65208686114D440100EE6D5A /* PAVirtualDevice.cpp in Sources */,
				65208687114D440300EE6D5A /* PAVirtualDeviceUserClient.cpp in Sources */,
				65F4BEBB114E4A300066A0F2 /* PAStream.cpp in Sources */,
			);
			runOnlyForDeploymentPostprocessing = 0;
		};
		652E2B181145C9320019804F /* Sources */ = {
			isa = PBXSourcesBuildPhase;
			buildActionMask = 2147483647;
			files = (
				652E2B241145C9980019804F /* PAClip.cpp in Sources */,
			);
			runOnlyForDeploymentPostprocessing = 0;
		};
/* End PBXSourcesBuildPhase section */

/* Begin PBXTargetDependency section */
		652086AD114D47EA00EE6D5A /* PBXTargetDependency */ = {
			isa = PBXTargetDependency;
			target = 652E2B1A1145C9320019804F /* PAFloatSupport */;
			targetProxy = 652086AC114D47EA00EE6D5A /* PBXContainerItemProxy */;
		};
/* End PBXTargetDependency section */

/* Begin PBXVariantGroup section */
		089C167DFE841241C02AAC07 /* InfoPlist.strings */ = {
			isa = PBXVariantGroup;
			children = (
				089C167EFE841241C02AAC07 /* English */,
			);
			name = InfoPlist.strings;
			sourceTree = "<group>";
		};
/* End PBXVariantGroup section */

/* Begin XCBuildConfiguration section */
		1DEB91DA08733DB10010E9CD /* Debug */ = {
			isa = XCBuildConfiguration;
			buildSettings = {
				ALWAYS_SEARCH_USER_PATHS = NO;
				ARCHS = "$(ARCHS_STANDARD_32_64_BIT)";
				COPY_PHASE_STRIP = NO;
				CURRENT_PROJECT_VERSION = 1.0.0d1;
				GCC_DYNAMIC_NO_PIC = NO;
				GCC_MODEL_TUNING = G5;
				GCC_OPTIMIZATION_LEVEL = 0;
				GCC_PREPROCESSOR_DEFINITIONS = PA_DEBUG;
				INFOPLIST_FILE = Info.plist;
				INFOPLIST_PREPROCESS = YES;
				INSTALL_PATH = "$(SYSTEM_LIBRARY_DIR)/Extensions";
				MACOSX_DEPLOYMENT_TARGET = 10.5;
				MODULE_NAME = com.yourcompany.driver.PulseAudioKext;
				MODULE_VERSION = 1.0.0d1;
				ONLY_ACTIVE_ARCH = NO;
				PRODUCT_NAME = PulseAudioKext;
				SDKROOT = macosx10.6;
				WRAPPER_EXTENSION = kext;
			};
			name = Debug;
		};
		1DEB91DB08733DB10010E9CD /* Release */ = {
			isa = XCBuildConfiguration;
			buildSettings = {
				ALWAYS_SEARCH_USER_PATHS = NO;
				CURRENT_PROJECT_VERSION = 1.0.0d1;
				DEBUG_INFORMATION_FORMAT = "dwarf-with-dsym";
				GCC_MODEL_TUNING = G5;
				INFOPLIST_FILE = Info.plist;
				INFOPLIST_PREPROCESS = YES;
				INSTALL_PATH = "$(SYSTEM_LIBRARY_DIR)/Extensions";
				MODULE_NAME = com.yourcompany.driver.PulseAudioKext;
				MODULE_VERSION = 1.0.0d1;
				PRODUCT_NAME = PulseAudioKext;
				WRAPPER_EXTENSION = kext;
			};
			name = Release;
		};
		1DEB91DE08733DB10010E9CD /* Debug */ = {
			isa = XCBuildConfiguration;
			buildSettings = {
				ALWAYS_SEARCH_USER_PATHS = NO;
				ARCHS = "$(ARCHS_STANDARD_32_64_BIT)";
				GCC_C_LANGUAGE_STANDARD = c99;
				GCC_OPTIMIZATION_LEVEL = 0;
				GCC_WARN_ABOUT_RETURN_TYPE = YES;
				GCC_WARN_UNUSED_VARIABLE = YES;
				MACOSX_DEPLOYMENT_TARGET = 10.5;
				ONLY_ACTIVE_ARCH = YES;
				PREBINDING = NO;
				SDKROOT = macosx10.6;
			};
			name = Debug;
		};
		1DEB91DF08733DB10010E9CD /* Release */ = {
			isa = XCBuildConfiguration;
			buildSettings = {
				ALWAYS_SEARCH_USER_PATHS = NO;
				ARCHS = "$(ARCHS_STANDARD_32_BIT)";
				GCC_C_LANGUAGE_STANDARD = c99;
				GCC_WARN_ABOUT_RETURN_TYPE = YES;
				GCC_WARN_UNUSED_VARIABLE = YES;
				PREBINDING = NO;
				SDKROOT = macosx10.5;
			};
			name = Release;
		};
		652E2B1C1145C9320019804F /* Debug */ = {
			isa = XCBuildConfiguration;
			buildSettings = {
				ALWAYS_SEARCH_USER_PATHS = YES;
				ARCHS = "$(ARCHS_STANDARD_32_64_BIT)";
				COPY_PHASE_STRIP = YES;
				GCC_ALTIVEC_EXTENSIONS = YES;
				GCC_AUTO_VECTORIZATION = YES;
				GCC_DYNAMIC_NO_PIC = NO;
				GCC_ENABLE_CPP_EXCEPTIONS = NO;
				GCC_ENABLE_CPP_RTTI = NO;
				GCC_ENABLE_FIX_AND_CONTINUE = NO;
				GCC_INPUT_FILETYPE = sourcecode.cpp.cpp;
				GCC_MODEL_TUNING = G5;
				GCC_OPTIMIZATION_LEVEL = 3;
				GCC_PRECOMPILE_PREFIX_HEADER = NO;
				GCC_PREFIX_HEADER = "";
				GCC_PREPROCESSOR_DEFINITIONS = (
					"KERNEL=1",
					"KERNEL_PRIVATE=1",
				);
				GCC_UNROLL_LOOPS = YES;
				GCC_WARN_ABOUT_MISSING_NEWLINE = YES;
				GCC_WARN_ABOUT_MISSING_PROTOTYPES = YES;
				GCC_WARN_CHECK_SWITCH_STATEMENTS = NO;
				GCC_WARN_INITIALIZER_NOT_FULLY_BRACKETED = YES;
				GCC_WARN_MISSING_PARENTHESES = YES;
				HEADER_SEARCH_PATHS = "$(SYSTEM_LIBRARY_DIR)/Frameworks/Kernel.framework/Headers";
				INSTALL_PATH = /usr/local/lib;
				KERNEL_MODULE = YES;
				LIBRARY_STYLE = STATIC;
				MACOSX_DEPLOYMENT_TARGET = 10.5;
				MODULE_IOKIT = YES;
				MODULE_NAME = org.pulseaudio.PulseAudioKext;
				MODULE_VERSION = 1.0;
				ONLY_ACTIVE_ARCH = NO;
				OTHER_CFLAGS = (
					"-fno-schedule-insns",
					"-fno-schedule-insns2",
					"-static",
					"-findirect-virtual-calls",
					"-mlong-branch",
				);
				OTHER_LDFLAGS = "";
				PREBINDING = YES;
				PRODUCT_NAME = PAFloatSupport;
				SDKROOT = macosx10.6;
				SKIP_INSTALL = YES;
				ZERO_LINK = NO;
			};
			name = Debug;
		};
		652E2B1D1145C9320019804F /* Release */ = {
			isa = XCBuildConfiguration;
			buildSettings = {
				ALWAYS_SEARCH_USER_PATHS = NO;
				COPY_PHASE_STRIP = YES;
				DEBUG_INFORMATION_FORMAT = "dwarf-with-dsym";
				GCC_ENABLE_FIX_AND_CONTINUE = NO;
				GCC_MODEL_TUNING = G5;
				GCC_PRECOMPILE_PREFIX_HEADER = YES;
				GCC_PREFIX_HEADER = "$(SYSTEM_LIBRARY_DIR)/Frameworks/AppKit.framework/Headers/AppKit.h";
				INSTALL_PATH = /usr/local/lib;
				OTHER_LDFLAGS = (
					"-framework",
					Foundation,
					"-framework",
					AppKit,
				);
				PREBINDING = NO;
				PRODUCT_NAME = PAFloatSupport;
				ZERO_LINK = NO;
			};
			name = Release;
		};
/* End XCBuildConfiguration section */

/* Begin XCConfigurationList section */
		1DEB91D908733DB10010E9CD /* Build configuration list for PBXNativeTarget "PulseAudioKext" */ = {
			isa = XCConfigurationList;
			buildConfigurations = (
				1DEB91DA08733DB10010E9CD /* Debug */,
				1DEB91DB08733DB10010E9CD /* Release */,
			);
			defaultConfigurationIsVisible = 0;
			defaultConfigurationName = Release;
		};
		1DEB91DD08733DB10010E9CD /* Build configuration list for PBXProject "PulseAudioKext" */ = {
			isa = XCConfigurationList;
			buildConfigurations = (
				1DEB91DE08733DB10010E9CD /* Debug */,
				1DEB91DF08733DB10010E9CD /* Release */,
			);
			defaultConfigurationIsVisible = 0;
			defaultConfigurationName = Release;
		};
		652E2B201145C9560019804F /* Build configuration list for PBXNativeTarget "PAFloatSupport" */ = {
			isa = XCConfigurationList;
			buildConfigurations = (
				652E2B1C1145C9320019804F /* Debug */,
				652E2B1D1145C9320019804F /* Release */,
			);
			defaultConfigurationIsVisible = 0;
			defaultConfigurationName = Release;
		};
/* End XCConfigurationList section */
	};
	rootObject = 089C1669FE841209C02AAC07 /* Project object */;
}
